// !$*UTF8*$!
{
	archiveVersion = 1;
	classes = {
	};
	objectVersion = 51;
	objects = {

/* Begin PBXBuildFile section */
		19BD2E55803CD5FC8922B86D /* Pods_CrowdCastTests.framework in Frameworks */ = {isa = PBXBuildFile; fileRef = E49E639FFFF7D8D38BDF03A6 /* Pods_CrowdCastTests.framework */; };
		3092C3DD839D852D430FD2F8 /* Pods_CrowdCast.framework in Frameworks */ = {isa = PBXBuildFile; fileRef = BF905F62DCF1B6A72C8CDAAE /* Pods_CrowdCast.framework */; };
		6707B85EA492079AD4852897 /* Pods_CrowdCast_CrowdCastUITests.framework in Frameworks */ = {isa = PBXBuildFile; fileRef = 3105D5E9A0BD025B5F9B98B1 /* Pods_CrowdCast_CrowdCastUITests.framework */; };
		B60A29D62434828400B7F76F /* CCSetsNavbarProtocol.swift in Sources */ = {isa = PBXBuildFile; fileRef = B60A29D52434828400B7F76F /* CCSetsNavbarProtocol.swift */; };
		B61ADC122430B03100ECD1D2 /* Cinzel-Regular.otf in Resources */ = {isa = PBXBuildFile; fileRef = B61ADC102430B03100ECD1D2 /* Cinzel-Regular.otf */; };
		B61ADC132430B03100ECD1D2 /* Cinzel-Bold.otf in Resources */ = {isa = PBXBuildFile; fileRef = B61ADC112430B03100ECD1D2 /* Cinzel-Bold.otf */; };
		B61ADC192430B3DD00ECD1D2 /* Colors.xcassets in Resources */ = {isa = PBXBuildFile; fileRef = B61ADC182430B3DD00ECD1D2 /* Colors.xcassets */; };
		B61ADC1B2430B53C00ECD1D2 /* Celebration.png in Resources */ = {isa = PBXBuildFile; fileRef = B61ADC1A2430B53B00ECD1D2 /* Celebration.png */; };
		B61ADC1E2430B67600ECD1D2 /* CCButton.swift in Sources */ = {isa = PBXBuildFile; fileRef = B61ADC1D2430B67600ECD1D2 /* CCButton.swift */; };
		B61ADC212430BB5D00ECD1D2 /* Icons.xcassets in Resources */ = {isa = PBXBuildFile; fileRef = B61ADC202430BB5D00ECD1D2 /* Icons.xcassets */; };
		B62C71702434ADD00090901C /* CCTabBarController.swift in Sources */ = {isa = PBXBuildFile; fileRef = B62C716F2434ADD00090901C /* CCTabBarController.swift */; };
		B64E4CEB2438750C0011715A /* CCChannelsVM.swift in Sources */ = {isa = PBXBuildFile; fileRef = B64E4CEA2438750C0011715A /* CCChannelsVM.swift */; };
		B66164452427E0BB002C068A /* CCSignUpVC.swift in Sources */ = {isa = PBXBuildFile; fileRef = B66164442427E0BB002C068A /* CCSignUpVC.swift */; };
		B6754140242791340010B917 /* GoogleService-Info.plist in Resources */ = {isa = PBXBuildFile; fileRef = B675413F242791340010B917 /* GoogleService-Info.plist */; };
		B67962032432476100C2A13C /* Avatar.png in Resources */ = {isa = PBXBuildFile; fileRef = B67962022432476000C2A13C /* Avatar.png */; };
		B679620624324E6000C2A13C /* Onboarding.storyboard in Resources */ = {isa = PBXBuildFile; fileRef = B679620524324E6000C2A13C /* Onboarding.storyboard */; };
		B679620924324EAF00C2A13C /* CCOnboardingVC.swift in Sources */ = {isa = PBXBuildFile; fileRef = B679620824324EAF00C2A13C /* CCOnboardingVC.swift */; };
		B679620B2432509300C2A13C /* CCConstantsManager.swift in Sources */ = {isa = PBXBuildFile; fileRef = B679620A2432509300C2A13C /* CCConstantsManager.swift */; };
		B67962102432565E00C2A13C /* CCOverviewVC.swift in Sources */ = {isa = PBXBuildFile; fileRef = B679620F2432565D00C2A13C /* CCOverviewVC.swift */; };
		B67962122432566D00C2A13C /* CCChannelsVC.swift in Sources */ = {isa = PBXBuildFile; fileRef = B67962112432566D00C2A13C /* CCChannelsVC.swift */; };
		B67962142432567A00C2A13C /* CCCrowdsVC.swift in Sources */ = {isa = PBXBuildFile; fileRef = B67962132432567A00C2A13C /* CCCrowdsVC.swift */; };
		B693E2FA2430F11D002B26BC /* Sitting.png in Resources */ = {isa = PBXBuildFile; fileRef = B693E2F92430F11D002B26BC /* Sitting.png */; };
		B693E2FC2430F832002B26BC /* profile.png in Resources */ = {isa = PBXBuildFile; fileRef = B693E2FB2430F832002B26BC /* profile.png */; };
		B693E2FE24310D4F002B26BC /* CCLoginVM.swift in Sources */ = {isa = PBXBuildFile; fileRef = B693E2FD24310D4F002B26BC /* CCLoginVM.swift */; };
		B693E30024310D5D002B26BC /* CCSignUpVM.swift in Sources */ = {isa = PBXBuildFile; fileRef = B693E2FF24310D5D002B26BC /* CCSignUpVM.swift */; };
		B693E302243112FF002B26BC /* Fireworks.png in Resources */ = {isa = PBXBuildFile; fileRef = B693E301243112FF002B26BC /* Fireworks.png */; };
		B693E304243113B4002B26BC /* Reading.png in Resources */ = {isa = PBXBuildFile; fileRef = B693E303243113B4002B26BC /* Reading.png */; };
		B693E30724311A37002B26BC /* CCSetupProfileVC.swift in Sources */ = {isa = PBXBuildFile; fileRef = B693E30624311A37002B26BC /* CCSetupProfileVC.swift */; };
		B693E30B24311DF1002B26BC /* adil.png in Resources */ = {isa = PBXBuildFile; fileRef = B693E30A24311DF1002B26BC /* adil.png */; };
		B693E30D24312C7B002B26BC /* Home.storyboard in Resources */ = {isa = PBXBuildFile; fileRef = B693E30C24312C7B002B26BC /* Home.storyboard */; };
		B6BD90CB2436FEA400F50848 /* CCShowsCardHeaderProtocol.swift in Sources */ = {isa = PBXBuildFile; fileRef = B6BD90CA2436FEA400F50848 /* CCShowsCardHeaderProtocol.swift */; };
		B6BD90CE2436FF4C00F50848 /* CCCardHeaderAction.swift in Sources */ = {isa = PBXBuildFile; fileRef = B6BD90CD2436FF4B00F50848 /* CCCardHeaderAction.swift */; };
		B6BD90D0243703F600F50848 /* CCPrint.swift in Sources */ = {isa = PBXBuildFile; fileRef = B6BD90CF243703F600F50848 /* CCPrint.swift */; };
		B6BD90D32437130B00F50848 /* CCSectionHeaderData.swift in Sources */ = {isa = PBXBuildFile; fileRef = B6BD90D22437130B00F50848 /* CCSectionHeaderData.swift */; };
		B6BD90D52437137E00F50848 /* CCOverviewVM.swift in Sources */ = {isa = PBXBuildFile; fileRef = B6BD90D42437137E00F50848 /* CCOverviewVM.swift */; };
		B6BD90D724377E3D00F50848 /* Channels.storyboard in Resources */ = {isa = PBXBuildFile; fileRef = B6BD90D624377E3D00F50848 /* Channels.storyboard */; };
		B6BD90DF24378CE100F50848 /* CCAddChannelVC.swift in Sources */ = {isa = PBXBuildFile; fileRef = B6BD90DE24378CE100F50848 /* CCAddChannelVC.swift */; };
		B6BD90E124378E4F00F50848 /* CCJoinChannelVC.swift in Sources */ = {isa = PBXBuildFile; fileRef = B6BD90E024378E4F00F50848 /* CCJoinChannelVC.swift */; };
		B6D7F55224277A1A001BEBBC /* AppDelegate.swift in Sources */ = {isa = PBXBuildFile; fileRef = B6D7F55124277A1A001BEBBC /* AppDelegate.swift */; };
		B6D7F55424277A1A001BEBBC /* SceneDelegate.swift in Sources */ = {isa = PBXBuildFile; fileRef = B6D7F55324277A1A001BEBBC /* SceneDelegate.swift */; };
		B6D7F55924277A1A001BEBBC /* Main.storyboard in Resources */ = {isa = PBXBuildFile; fileRef = B6D7F55724277A1A001BEBBC /* Main.storyboard */; };
		B6D7F55B24277A1B001BEBBC /* Assets.xcassets in Resources */ = {isa = PBXBuildFile; fileRef = B6D7F55A24277A1B001BEBBC /* Assets.xcassets */; };
		B6D7F55E24277A1B001BEBBC /* LaunchScreen.storyboard in Resources */ = {isa = PBXBuildFile; fileRef = B6D7F55C24277A1B001BEBBC /* LaunchScreen.storyboard */; };
		B6D7F56924277A1B001BEBBC /* CrowdCastTests.swift in Sources */ = {isa = PBXBuildFile; fileRef = B6D7F56824277A1B001BEBBC /* CrowdCastTests.swift */; };
		B6D7F57424277A1B001BEBBC /* CrowdCastUITests.swift in Sources */ = {isa = PBXBuildFile; fileRef = B6D7F57324277A1B001BEBBC /* CrowdCastUITests.swift */; };
		B6D7F58B24277AD7001BEBBC /* CCLoginVC.swift in Sources */ = {isa = PBXBuildFile; fileRef = B6D7F58A24277AD7001BEBBC /* CCLoginVC.swift */; };
		B6E3675C2434F25000B511A0 /* CCCardTVCTableViewCell.swift in Sources */ = {isa = PBXBuildFile; fileRef = B6E3675A2434F25000B511A0 /* CCCardTVCTableViewCell.swift */; };
		B6E3675D2434F25000B511A0 /* CCCardTVCTableViewCell.xib in Resources */ = {isa = PBXBuildFile; fileRef = B6E3675B2434F25000B511A0 /* CCCardTVCTableViewCell.xib */; };
		B6E3675F24352A5F00B511A0 /* Others.storyboard in Resources */ = {isa = PBXBuildFile; fileRef = B6E3675E24352A5F00B511A0 /* Others.storyboard */; };
		B6E3676224352AEE00B511A0 /* CCSettingsVC.swift in Sources */ = {isa = PBXBuildFile; fileRef = B6E3676124352AEE00B511A0 /* CCSettingsVC.swift */; };
		B6E3676424352AFB00B511A0 /* CCSettingsVM.swift in Sources */ = {isa = PBXBuildFile; fileRef = B6E3676324352AFB00B511A0 /* CCSettingsVM.swift */; };
		B6E367702436450400B511A0 /* CCSectionHeader.swift in Sources */ = {isa = PBXBuildFile; fileRef = B6E3676E2436450400B511A0 /* CCSectionHeader.swift */; };
		B6E367712436450400B511A0 /* CCSectionHeader.xib in Resources */ = {isa = PBXBuildFile; fileRef = B6E3676F2436450400B511A0 /* CCSectionHeader.xib */; };
		B6E367732436634700B511A0 /* CCScreenProtocols.swift in Sources */ = {isa = PBXBuildFile; fileRef = B6E367722436634700B511A0 /* CCScreenProtocols.swift */; };
/* End PBXBuildFile section */

/* Begin PBXContainerItemProxy section */
		B6D7F56524277A1B001BEBBC /* PBXContainerItemProxy */ = {
			isa = PBXContainerItemProxy;
			containerPortal = B6D7F54624277A1A001BEBBC /* Project object */;
			proxyType = 1;
			remoteGlobalIDString = B6D7F54D24277A1A001BEBBC;
			remoteInfo = CrowdCast;
		};
		B6D7F57024277A1B001BEBBC /* PBXContainerItemProxy */ = {
			isa = PBXContainerItemProxy;
			containerPortal = B6D7F54624277A1A001BEBBC /* Project object */;
			proxyType = 1;
			remoteGlobalIDString = B6D7F54D24277A1A001BEBBC;
			remoteInfo = CrowdCast;
		};
/* End PBXContainerItemProxy section */

/* Begin PBXFileReference section */
		3105D5E9A0BD025B5F9B98B1 /* Pods_CrowdCast_CrowdCastUITests.framework */ = {isa = PBXFileReference; explicitFileType = wrapper.framework; includeInIndex = 0; path = Pods_CrowdCast_CrowdCastUITests.framework; sourceTree = BUILT_PRODUCTS_DIR; };
		7F043EA963985C662E1BEE78 /* Pods-CrowdCast-CrowdCastUITests.release.xcconfig */ = {isa = PBXFileReference; includeInIndex = 1; lastKnownFileType = text.xcconfig; name = "Pods-CrowdCast-CrowdCastUITests.release.xcconfig"; path = "Target Support Files/Pods-CrowdCast-CrowdCastUITests/Pods-CrowdCast-CrowdCastUITests.release.xcconfig"; sourceTree = "<group>"; };
		8F817045FDFF90F3895A6FB8 /* Pods-CrowdCast.release.xcconfig */ = {isa = PBXFileReference; includeInIndex = 1; lastKnownFileType = text.xcconfig; name = "Pods-CrowdCast.release.xcconfig"; path = "Target Support Files/Pods-CrowdCast/Pods-CrowdCast.release.xcconfig"; sourceTree = "<group>"; };
		9126246316D1D9808F81142C /* Pods-CrowdCastTests.release.xcconfig */ = {isa = PBXFileReference; includeInIndex = 1; lastKnownFileType = text.xcconfig; name = "Pods-CrowdCastTests.release.xcconfig"; path = "Target Support Files/Pods-CrowdCastTests/Pods-CrowdCastTests.release.xcconfig"; sourceTree = "<group>"; };
		9358F1E9AA70777512033489 /* Pods-CrowdCast-CrowdCastUITests.debug.xcconfig */ = {isa = PBXFileReference; includeInIndex = 1; lastKnownFileType = text.xcconfig; name = "Pods-CrowdCast-CrowdCastUITests.debug.xcconfig"; path = "Target Support Files/Pods-CrowdCast-CrowdCastUITests/Pods-CrowdCast-CrowdCastUITests.debug.xcconfig"; sourceTree = "<group>"; };
		99B716AB8F4B132E23E78760 /* Pods-CrowdCastTests.debug.xcconfig */ = {isa = PBXFileReference; includeInIndex = 1; lastKnownFileType = text.xcconfig; name = "Pods-CrowdCastTests.debug.xcconfig"; path = "Target Support Files/Pods-CrowdCastTests/Pods-CrowdCastTests.debug.xcconfig"; sourceTree = "<group>"; };
		9ED097A4257B79B19ABF3F69 /* Pods-CrowdCast.debug.xcconfig */ = {isa = PBXFileReference; includeInIndex = 1; lastKnownFileType = text.xcconfig; name = "Pods-CrowdCast.debug.xcconfig"; path = "Target Support Files/Pods-CrowdCast/Pods-CrowdCast.debug.xcconfig"; sourceTree = "<group>"; };
		B60A29D52434828400B7F76F /* CCSetsNavbarProtocol.swift */ = {isa = PBXFileReference; lastKnownFileType = sourcecode.swift; path = CCSetsNavbarProtocol.swift; sourceTree = "<group>"; };
		B61ADC102430B03100ECD1D2 /* Cinzel-Regular.otf */ = {isa = PBXFileReference; lastKnownFileType = file; path = "Cinzel-Regular.otf"; sourceTree = "<group>"; };
		B61ADC112430B03100ECD1D2 /* Cinzel-Bold.otf */ = {isa = PBXFileReference; lastKnownFileType = file; path = "Cinzel-Bold.otf"; sourceTree = "<group>"; };
		B61ADC182430B3DD00ECD1D2 /* Colors.xcassets */ = {isa = PBXFileReference; lastKnownFileType = folder.assetcatalog; path = Colors.xcassets; sourceTree = "<group>"; };
		B61ADC1A2430B53B00ECD1D2 /* Celebration.png */ = {isa = PBXFileReference; lastKnownFileType = image.png; path = Celebration.png; sourceTree = "<group>"; };
		B61ADC1D2430B67600ECD1D2 /* CCButton.swift */ = {isa = PBXFileReference; lastKnownFileType = sourcecode.swift; path = CCButton.swift; sourceTree = "<group>"; };
		B61ADC202430BB5D00ECD1D2 /* Icons.xcassets */ = {isa = PBXFileReference; lastKnownFileType = folder.assetcatalog; path = Icons.xcassets; sourceTree = "<group>"; };
		B62C716F2434ADD00090901C /* CCTabBarController.swift */ = {isa = PBXFileReference; lastKnownFileType = sourcecode.swift; path = CCTabBarController.swift; sourceTree = "<group>"; };
		B64E4CEA2438750C0011715A /* CCChannelsVM.swift */ = {isa = PBXFileReference; lastKnownFileType = sourcecode.swift; path = CCChannelsVM.swift; sourceTree = "<group>"; };
		B66164442427E0BB002C068A /* CCSignUpVC.swift */ = {isa = PBXFileReference; lastKnownFileType = sourcecode.swift; path = CCSignUpVC.swift; sourceTree = "<group>"; };
		B675413F242791340010B917 /* GoogleService-Info.plist */ = {isa = PBXFileReference; fileEncoding = 4; lastKnownFileType = text.plist.xml; name = "GoogleService-Info.plist"; path = "../../../Downloads/GoogleService-Info.plist"; sourceTree = "<group>"; };
		B67962022432476000C2A13C /* Avatar.png */ = {isa = PBXFileReference; lastKnownFileType = image.png; path = Avatar.png; sourceTree = "<group>"; };
		B679620524324E6000C2A13C /* Onboarding.storyboard */ = {isa = PBXFileReference; lastKnownFileType = file.storyboard; path = Onboarding.storyboard; sourceTree = "<group>"; };
		B679620824324EAF00C2A13C /* CCOnboardingVC.swift */ = {isa = PBXFileReference; lastKnownFileType = sourcecode.swift; path = CCOnboardingVC.swift; sourceTree = "<group>"; };
		B679620A2432509300C2A13C /* CCConstantsManager.swift */ = {isa = PBXFileReference; lastKnownFileType = sourcecode.swift; name = CCConstantsManager.swift; path = CrowdCast/Source/Onboarding/CCConstantsManager.swift; sourceTree = SOURCE_ROOT; };
		B679620F2432565D00C2A13C /* CCOverviewVC.swift */ = {isa = PBXFileReference; lastKnownFileType = sourcecode.swift; path = CCOverviewVC.swift; sourceTree = "<group>"; };
		B67962112432566D00C2A13C /* CCChannelsVC.swift */ = {isa = PBXFileReference; lastKnownFileType = sourcecode.swift; path = CCChannelsVC.swift; sourceTree = "<group>"; };
		B67962132432567A00C2A13C /* CCCrowdsVC.swift */ = {isa = PBXFileReference; lastKnownFileType = sourcecode.swift; path = CCCrowdsVC.swift; sourceTree = "<group>"; };
		B693E2F92430F11D002B26BC /* Sitting.png */ = {isa = PBXFileReference; lastKnownFileType = image.png; path = Sitting.png; sourceTree = "<group>"; };
		B693E2FB2430F832002B26BC /* profile.png */ = {isa = PBXFileReference; lastKnownFileType = image.png; path = profile.png; sourceTree = "<group>"; };
		B693E2FD24310D4F002B26BC /* CCLoginVM.swift */ = {isa = PBXFileReference; lastKnownFileType = sourcecode.swift; path = CCLoginVM.swift; sourceTree = "<group>"; };
		B693E2FF24310D5D002B26BC /* CCSignUpVM.swift */ = {isa = PBXFileReference; lastKnownFileType = sourcecode.swift; path = CCSignUpVM.swift; sourceTree = "<group>"; };
		B693E301243112FF002B26BC /* Fireworks.png */ = {isa = PBXFileReference; lastKnownFileType = image.png; path = Fireworks.png; sourceTree = "<group>"; };
		B693E303243113B4002B26BC /* Reading.png */ = {isa = PBXFileReference; lastKnownFileType = image.png; path = Reading.png; sourceTree = "<group>"; };
		B693E30624311A37002B26BC /* CCSetupProfileVC.swift */ = {isa = PBXFileReference; lastKnownFileType = sourcecode.swift; path = CCSetupProfileVC.swift; sourceTree = "<group>"; };
		B693E30A24311DF1002B26BC /* adil.png */ = {isa = PBXFileReference; lastKnownFileType = image.png; path = adil.png; sourceTree = "<group>"; };
		B693E30C24312C7B002B26BC /* Home.storyboard */ = {isa = PBXFileReference; lastKnownFileType = file.storyboard; path = Home.storyboard; sourceTree = "<group>"; };
		B6BD90CA2436FEA400F50848 /* CCShowsCardHeaderProtocol.swift */ = {isa = PBXFileReference; lastKnownFileType = sourcecode.swift; path = CCShowsCardHeaderProtocol.swift; sourceTree = "<group>"; };
		B6BD90CD2436FF4B00F50848 /* CCCardHeaderAction.swift */ = {isa = PBXFileReference; lastKnownFileType = sourcecode.swift; path = CCCardHeaderAction.swift; sourceTree = "<group>"; };
		B6BD90CF243703F600F50848 /* CCPrint.swift */ = {isa = PBXFileReference; lastKnownFileType = sourcecode.swift; path = CCPrint.swift; sourceTree = "<group>"; };
		B6BD90D22437130B00F50848 /* CCSectionHeaderData.swift */ = {isa = PBXFileReference; lastKnownFileType = sourcecode.swift; path = CCSectionHeaderData.swift; sourceTree = "<group>"; };
		B6BD90D42437137E00F50848 /* CCOverviewVM.swift */ = {isa = PBXFileReference; lastKnownFileType = sourcecode.swift; path = CCOverviewVM.swift; sourceTree = "<group>"; };
		B6BD90D624377E3D00F50848 /* Channels.storyboard */ = {isa = PBXFileReference; lastKnownFileType = file.storyboard; path = Channels.storyboard; sourceTree = "<group>"; };
		B6BD90DE24378CE100F50848 /* CCAddChannelVC.swift */ = {isa = PBXFileReference; lastKnownFileType = sourcecode.swift; name = CCAddChannelVC.swift; path = CrowdCast/Storyboards/CCAddChannelVC.swift; sourceTree = SOURCE_ROOT; };
		B6BD90E024378E4F00F50848 /* CCJoinChannelVC.swift */ = {isa = PBXFileReference; lastKnownFileType = sourcecode.swift; name = CCJoinChannelVC.swift; path = CrowdCast/Storyboards/CCJoinChannelVC.swift; sourceTree = SOURCE_ROOT; };
		B6D7F54E24277A1A001BEBBC /* CrowdCast.app */ = {isa = PBXFileReference; explicitFileType = wrapper.application; includeInIndex = 0; path = CrowdCast.app; sourceTree = BUILT_PRODUCTS_DIR; };
		B6D7F55124277A1A001BEBBC /* AppDelegate.swift */ = {isa = PBXFileReference; lastKnownFileType = sourcecode.swift; path = AppDelegate.swift; sourceTree = "<group>"; };
		B6D7F55324277A1A001BEBBC /* SceneDelegate.swift */ = {isa = PBXFileReference; lastKnownFileType = sourcecode.swift; path = SceneDelegate.swift; sourceTree = "<group>"; };
		B6D7F55824277A1A001BEBBC /* Base */ = {isa = PBXFileReference; lastKnownFileType = file.storyboard; name = Base; path = Base.lproj/Main.storyboard; sourceTree = "<group>"; };
		B6D7F55A24277A1B001BEBBC /* Assets.xcassets */ = {isa = PBXFileReference; lastKnownFileType = folder.assetcatalog; path = Assets.xcassets; sourceTree = "<group>"; };
		B6D7F55D24277A1B001BEBBC /* Base */ = {isa = PBXFileReference; lastKnownFileType = file.storyboard; name = Base; path = Base.lproj/LaunchScreen.storyboard; sourceTree = "<group>"; };
		B6D7F55F24277A1B001BEBBC /* Info.plist */ = {isa = PBXFileReference; lastKnownFileType = text.plist.xml; path = Info.plist; sourceTree = "<group>"; };
		B6D7F56424277A1B001BEBBC /* CrowdCastTests.xctest */ = {isa = PBXFileReference; explicitFileType = wrapper.cfbundle; includeInIndex = 0; path = CrowdCastTests.xctest; sourceTree = BUILT_PRODUCTS_DIR; };
		B6D7F56824277A1B001BEBBC /* CrowdCastTests.swift */ = {isa = PBXFileReference; lastKnownFileType = sourcecode.swift; path = CrowdCastTests.swift; sourceTree = "<group>"; };
		B6D7F56A24277A1B001BEBBC /* Info.plist */ = {isa = PBXFileReference; lastKnownFileType = text.plist.xml; path = Info.plist; sourceTree = "<group>"; };
		B6D7F56F24277A1B001BEBBC /* CrowdCastUITests.xctest */ = {isa = PBXFileReference; explicitFileType = wrapper.cfbundle; includeInIndex = 0; path = CrowdCastUITests.xctest; sourceTree = BUILT_PRODUCTS_DIR; };
		B6D7F57324277A1B001BEBBC /* CrowdCastUITests.swift */ = {isa = PBXFileReference; lastKnownFileType = sourcecode.swift; path = CrowdCastUITests.swift; sourceTree = "<group>"; };
		B6D7F57524277A1B001BEBBC /* Info.plist */ = {isa = PBXFileReference; lastKnownFileType = text.plist.xml; path = Info.plist; sourceTree = "<group>"; };
		B6D7F58A24277AD7001BEBBC /* CCLoginVC.swift */ = {isa = PBXFileReference; lastKnownFileType = sourcecode.swift; path = CCLoginVC.swift; sourceTree = "<group>"; };
		B6E3675A2434F25000B511A0 /* CCCardTVCTableViewCell.swift */ = {isa = PBXFileReference; lastKnownFileType = sourcecode.swift; path = CCCardTVCTableViewCell.swift; sourceTree = "<group>"; };
		B6E3675B2434F25000B511A0 /* CCCardTVCTableViewCell.xib */ = {isa = PBXFileReference; lastKnownFileType = file.xib; path = CCCardTVCTableViewCell.xib; sourceTree = "<group>"; };
		B6E3675E24352A5F00B511A0 /* Others.storyboard */ = {isa = PBXFileReference; lastKnownFileType = file.storyboard; path = Others.storyboard; sourceTree = "<group>"; };
		B6E3676124352AEE00B511A0 /* CCSettingsVC.swift */ = {isa = PBXFileReference; lastKnownFileType = sourcecode.swift; path = CCSettingsVC.swift; sourceTree = "<group>"; };
		B6E3676324352AFB00B511A0 /* CCSettingsVM.swift */ = {isa = PBXFileReference; lastKnownFileType = sourcecode.swift; path = CCSettingsVM.swift; sourceTree = "<group>"; };
		B6E3676E2436450400B511A0 /* CCSectionHeader.swift */ = {isa = PBXFileReference; lastKnownFileType = sourcecode.swift; path = CCSectionHeader.swift; sourceTree = "<group>"; };
		B6E3676F2436450400B511A0 /* CCSectionHeader.xib */ = {isa = PBXFileReference; lastKnownFileType = file.xib; path = CCSectionHeader.xib; sourceTree = "<group>"; };
		B6E367722436634700B511A0 /* CCScreenProtocols.swift */ = {isa = PBXFileReference; lastKnownFileType = sourcecode.swift; path = CCScreenProtocols.swift; sourceTree = "<group>"; };
		BF905F62DCF1B6A72C8CDAAE /* Pods_CrowdCast.framework */ = {isa = PBXFileReference; explicitFileType = wrapper.framework; includeInIndex = 0; path = Pods_CrowdCast.framework; sourceTree = BUILT_PRODUCTS_DIR; };
		E49E639FFFF7D8D38BDF03A6 /* Pods_CrowdCastTests.framework */ = {isa = PBXFileReference; explicitFileType = wrapper.framework; includeInIndex = 0; path = Pods_CrowdCastTests.framework; sourceTree = BUILT_PRODUCTS_DIR; };
/* End PBXFileReference section */

/* Begin PBXFrameworksBuildPhase section */
		B6D7F54B24277A1A001BEBBC /* Frameworks */ = {
			isa = PBXFrameworksBuildPhase;
			buildActionMask = 2147483647;
			files = (
				3092C3DD839D852D430FD2F8 /* Pods_CrowdCast.framework in Frameworks */,
			);
			runOnlyForDeploymentPostprocessing = 0;
		};
		B6D7F56124277A1B001BEBBC /* Frameworks */ = {
			isa = PBXFrameworksBuildPhase;
			buildActionMask = 2147483647;
			files = (
				19BD2E55803CD5FC8922B86D /* Pods_CrowdCastTests.framework in Frameworks */,
			);
			runOnlyForDeploymentPostprocessing = 0;
		};
		B6D7F56C24277A1B001BEBBC /* Frameworks */ = {
			isa = PBXFrameworksBuildPhase;
			buildActionMask = 2147483647;
			files = (
				6707B85EA492079AD4852897 /* Pods_CrowdCast_CrowdCastUITests.framework in Frameworks */,
			);
			runOnlyForDeploymentPostprocessing = 0;
		};
/* End PBXFrameworksBuildPhase section */

/* Begin PBXGroup section */
		26EB2F6320B3F6FE10010C25 /* Frameworks */ = {
			isa = PBXGroup;
			children = (
				BF905F62DCF1B6A72C8CDAAE /* Pods_CrowdCast.framework */,
				3105D5E9A0BD025B5F9B98B1 /* Pods_CrowdCast_CrowdCastUITests.framework */,
				E49E639FFFF7D8D38BDF03A6 /* Pods_CrowdCastTests.framework */,
			);
			name = Frameworks;
			sourceTree = "<group>";
		};
		41AE69897168175D4C6592E0 /* Pods */ = {
			isa = PBXGroup;
			children = (
				9ED097A4257B79B19ABF3F69 /* Pods-CrowdCast.debug.xcconfig */,
				8F817045FDFF90F3895A6FB8 /* Pods-CrowdCast.release.xcconfig */,
				9358F1E9AA70777512033489 /* Pods-CrowdCast-CrowdCastUITests.debug.xcconfig */,
				7F043EA963985C662E1BEE78 /* Pods-CrowdCast-CrowdCastUITests.release.xcconfig */,
				99B716AB8F4B132E23E78760 /* Pods-CrowdCastTests.debug.xcconfig */,
				9126246316D1D9808F81142C /* Pods-CrowdCastTests.release.xcconfig */,
			);
			path = Pods;
			sourceTree = "<group>";
		};
		B60A29C824338EA100B7F76F /* Nibs */ = {
			isa = PBXGroup;
			children = (
				B6E36765243631FA00B511A0 /* SectionHeader */,
				B6E367592434F21D00B511A0 /* ChannelCard */,
			);
			path = Nibs;
			sourceTree = "<group>";
		};
		B60A29D42434826900B7F76F /* Protocols */ = {
			isa = PBXGroup;
			children = (
				B60A29D52434828400B7F76F /* CCSetsNavbarProtocol.swift */,
				B6E367722436634700B511A0 /* CCScreenProtocols.swift */,
				B6BD90CA2436FEA400F50848 /* CCShowsCardHeaderProtocol.swift */,
			);
			path = Protocols;
			sourceTree = "<group>";
		};
		B61ADC0E2430AF3800ECD1D2 /* Fonts */ = {
			isa = PBXGroup;
			children = (
				B61ADC0F2430B00000ECD1D2 /* Cinzel */,
			);
			path = Fonts;
			sourceTree = "<group>";
		};
		B61ADC0F2430B00000ECD1D2 /* Cinzel */ = {
			isa = PBXGroup;
			children = (
				B61ADC112430B03100ECD1D2 /* Cinzel-Bold.otf */,
				B61ADC102430B03100ECD1D2 /* Cinzel-Regular.otf */,
			);
			path = Cinzel;
			sourceTree = "<group>";
		};
		B61ADC142430B2D200ECD1D2 /* Illustrations */ = {
			isa = PBXGroup;
			children = (
				B67962022432476000C2A13C /* Avatar.png */,
				B693E30A24311DF1002B26BC /* adil.png */,
				B693E303243113B4002B26BC /* Reading.png */,
				B693E301243112FF002B26BC /* Fireworks.png */,
				B61ADC1A2430B53B00ECD1D2 /* Celebration.png */,
				B693E2F92430F11D002B26BC /* Sitting.png */,
				B693E2FB2430F832002B26BC /* profile.png */,
			);
			path = Illustrations;
			sourceTree = "<group>";
		};
		B61ADC172430B3C800ECD1D2 /* Colors */ = {
			isa = PBXGroup;
			children = (
				B61ADC182430B3DD00ECD1D2 /* Colors.xcassets */,
			);
			path = Colors;
			sourceTree = "<group>";
		};
		B61ADC1C2430B66000ECD1D2 /* Extensions */ = {
			isa = PBXGroup;
			children = (
				B61ADC1D2430B67600ECD1D2 /* CCButton.swift */,
				B62C716F2434ADD00090901C /* CCTabBarController.swift */,
				B6BD90CF243703F600F50848 /* CCPrint.swift */,
			);
			path = Extensions;
			sourceTree = "<group>";
		};
		B61ADC1F2430BB4A00ECD1D2 /* Icons */ = {
			isa = PBXGroup;
			children = (
				B61ADC202430BB5D00ECD1D2 /* Icons.xcassets */,
			);
			path = Icons;
			sourceTree = "<group>";
		};
		B67962042432495500C2A13C /* Storyboards */ = {
			isa = PBXGroup;
			children = (
				B6D7F55724277A1A001BEBBC /* Main.storyboard */,
				B6D7F55C24277A1B001BEBBC /* LaunchScreen.storyboard */,
				B693E30C24312C7B002B26BC /* Home.storyboard */,
				B679620524324E6000C2A13C /* Onboarding.storyboard */,
				B6E3675E24352A5F00B511A0 /* Others.storyboard */,
				B6BD90D624377E3D00F50848 /* Channels.storyboard */,
			);
			path = Storyboards;
			sourceTree = "<group>";
		};
		B679620724324E8D00C2A13C /* Onboarding */ = {
			isa = PBXGroup;
			children = (
				B679620824324EAF00C2A13C /* CCOnboardingVC.swift */,
			);
			path = Onboarding;
			sourceTree = "<group>";
		};
		B679620C2432562600C2A13C /* OverviewTab */ = {
			isa = PBXGroup;
			children = (
				B679620F2432565D00C2A13C /* CCOverviewVC.swift */,
				B6BD90D42437137E00F50848 /* CCOverviewVM.swift */,
			);
			path = OverviewTab;
			sourceTree = "<group>";
		};
		B679620D2432563600C2A13C /* ChannelsTab */ = {
			isa = PBXGroup;
			children = (
				B67962112432566D00C2A13C /* CCChannelsVC.swift */,
				B64E4CEA2438750C0011715A /* CCChannelsVM.swift */,
			);
			path = ChannelsTab;
			sourceTree = "<group>";
		};
		B679620E2432564000C2A13C /* CrowdsTab */ = {
			isa = PBXGroup;
			children = (
				B67962132432567A00C2A13C /* CCCrowdsVC.swift */,
			);
			path = CrowdsTab;
			sourceTree = "<group>";
		};
		B693E30524311A1C002B26BC /* Setup Profile */ = {
			isa = PBXGroup;
			children = (
				B693E30624311A37002B26BC /* CCSetupProfileVC.swift */,
			);
			path = "Setup Profile";
			sourceTree = "<group>";
		};
		B6BD90CC2436FF2E00F50848 /* Enums */ = {
			isa = PBXGroup;
			children = (
				B6BD90CD2436FF4B00F50848 /* CCCardHeaderAction.swift */,
			);
			path = Enums;
			sourceTree = "<group>";
		};
		B6BD90D1243712E500F50848 /* Structs */ = {
			isa = PBXGroup;
			children = (
				B6BD90D22437130B00F50848 /* CCSectionHeaderData.swift */,
			);
			path = Structs;
			sourceTree = "<group>";
		};
		B6BD90D824377E7300F50848 /* Tabs */ = {
			isa = PBXGroup;
			children = (
				B679620E2432564000C2A13C /* CrowdsTab */,
				B679620D2432563600C2A13C /* ChannelsTab */,
				B679620C2432562600C2A13C /* OverviewTab */,
			);
			path = Tabs;
			sourceTree = "<group>";
		};
		B6BD90D924377EB800F50848 /* Channels */ = {
			isa = PBXGroup;
			children = (
				B6BD90DB24377ECD00F50848 /* Join Channel */,
				B6BD90DA24377EC100F50848 /* Add Channel */,
			);
			path = Channels;
			sourceTree = "<group>";
		};
		B6BD90DA24377EC100F50848 /* Add Channel */ = {
			isa = PBXGroup;
			children = (
				B6BD90DE24378CE100F50848 /* CCAddChannelVC.swift */,
			);
			path = "Add Channel";
			sourceTree = "<group>";
		};
		B6BD90DB24377ECD00F50848 /* Join Channel */ = {
			isa = PBXGroup;
			children = (
				B6BD90E024378E4F00F50848 /* CCJoinChannelVC.swift */,
			);
			path = "Join Channel";
			sourceTree = "<group>";
		};
		B6D7F54524277A1A001BEBBC = {
			isa = PBXGroup;
			children = (
				B6D7F55024277A1A001BEBBC /* CrowdCast */,
				B6D7F56724277A1B001BEBBC /* CrowdCastTests */,
				B6D7F57224277A1B001BEBBC /* CrowdCastUITests */,
				B6D7F54F24277A1A001BEBBC /* Products */,
				41AE69897168175D4C6592E0 /* Pods */,
				26EB2F6320B3F6FE10010C25 /* Frameworks */,
			);
			sourceTree = "<group>";
		};
		B6D7F54F24277A1A001BEBBC /* Products */ = {
			isa = PBXGroup;
			children = (
				B6D7F54E24277A1A001BEBBC /* CrowdCast.app */,
				B6D7F56424277A1B001BEBBC /* CrowdCastTests.xctest */,
				B6D7F56F24277A1B001BEBBC /* CrowdCastUITests.xctest */,
			);
			name = Products;
			sourceTree = "<group>";
		};
		B6D7F55024277A1A001BEBBC /* CrowdCast */ = {
			isa = PBXGroup;
			children = (
				B6BD90D1243712E500F50848 /* Structs */,
				B6BD90CC2436FF2E00F50848 /* Enums */,
				B60A29D42434826900B7F76F /* Protocols */,
				B61ADC1F2430BB4A00ECD1D2 /* Icons */,
				B61ADC1C2430B66000ECD1D2 /* Extensions */,
				B61ADC172430B3C800ECD1D2 /* Colors */,
				B61ADC142430B2D200ECD1D2 /* Illustrations */,
				B61ADC0E2430AF3800ECD1D2 /* Fonts */,
				B675413F242791340010B917 /* GoogleService-Info.plist */,
				B67962042432495500C2A13C /* Storyboards */,
				B6D7F58624277A74001BEBBC /* Source */,
				B6D7F58524277A6D001BEBBC /* Delegates */,
				B6D7F58324277A52001BEBBC /* Assets */,
				B6D7F58124277A40001BEBBC /* Managers */,
				B6D7F55F24277A1B001BEBBC /* Info.plist */,
			);
			path = CrowdCast;
			sourceTree = "<group>";
		};
		B6D7F56724277A1B001BEBBC /* CrowdCastTests */ = {
			isa = PBXGroup;
			children = (
				B6D7F56824277A1B001BEBBC /* CrowdCastTests.swift */,
				B6D7F56A24277A1B001BEBBC /* Info.plist */,
			);
			path = CrowdCastTests;
			sourceTree = "<group>";
		};
		B6D7F57224277A1B001BEBBC /* CrowdCastUITests */ = {
			isa = PBXGroup;
			children = (
				B6D7F57324277A1B001BEBBC /* CrowdCastUITests.swift */,
				B6D7F57524277A1B001BEBBC /* Info.plist */,
			);
			path = CrowdCastUITests;
			sourceTree = "<group>";
		};
		B6D7F58124277A40001BEBBC /* Managers */ = {
			isa = PBXGroup;
			children = (
				B679620A2432509300C2A13C /* CCConstantsManager.swift */,
			);
			path = Managers;
			sourceTree = "<group>";
		};
		B6D7F58324277A52001BEBBC /* Assets */ = {
			isa = PBXGroup;
			children = (
				B6D7F55A24277A1B001BEBBC /* Assets.xcassets */,
			);
			path = Assets;
			sourceTree = "<group>";
		};
		B6D7F58524277A6D001BEBBC /* Delegates */ = {
			isa = PBXGroup;
			children = (
				B6D7F55124277A1A001BEBBC /* AppDelegate.swift */,
				B6D7F55324277A1A001BEBBC /* SceneDelegate.swift */,
			);
			path = Delegates;
			sourceTree = "<group>";
		};
		B6D7F58624277A74001BEBBC /* Source */ = {
			isa = PBXGroup;
			children = (
				B6BD90D924377EB800F50848 /* Channels */,
				B6BD90D824377E7300F50848 /* Tabs */,
				B6E3676024352ACF00B511A0 /* Settings */,
				B60A29C824338EA100B7F76F /* Nibs */,
				B679620724324E8D00C2A13C /* Onboarding */,
				B693E30524311A1C002B26BC /* Setup Profile */,
				B6D7F58924277AB2001BEBBC /* Splash */,
				B6D7F58824277AA7001BEBBC /* SignUp */,
				B6D7F58724277AA0001BEBBC /* Login */,
			);
			path = Source;
			sourceTree = "<group>";
		};
		B6D7F58724277AA0001BEBBC /* Login */ = {
			isa = PBXGroup;
			children = (
				B6D7F58A24277AD7001BEBBC /* CCLoginVC.swift */,
				B693E2FD24310D4F002B26BC /* CCLoginVM.swift */,
			);
			path = Login;
			sourceTree = "<group>";
		};
		B6D7F58824277AA7001BEBBC /* SignUp */ = {
			isa = PBXGroup;
			children = (
				B66164442427E0BB002C068A /* CCSignUpVC.swift */,
				B693E2FF24310D5D002B26BC /* CCSignUpVM.swift */,
			);
			path = SignUp;
			sourceTree = "<group>";
		};
		B6D7F58924277AB2001BEBBC /* Splash */ = {
			isa = PBXGroup;
			children = (
			);
			path = Splash;
			sourceTree = "<group>";
		};
		B6E367592434F21D00B511A0 /* ChannelCard */ = {
			isa = PBXGroup;
			children = (
				B6E3675A2434F25000B511A0 /* CCCardTVCTableViewCell.swift */,
				B6E3675B2434F25000B511A0 /* CCCardTVCTableViewCell.xib */,
			);
			path = ChannelCard;
			sourceTree = "<group>";
		};
		B6E3676024352ACF00B511A0 /* Settings */ = {
			isa = PBXGroup;
			children = (
				B6E3676124352AEE00B511A0 /* CCSettingsVC.swift */,
				B6E3676324352AFB00B511A0 /* CCSettingsVM.swift */,
			);
			path = Settings;
			sourceTree = "<group>";
		};
		B6E36765243631FA00B511A0 /* SectionHeader */ = {
			isa = PBXGroup;
			children = (
				B6E3676E2436450400B511A0 /* CCSectionHeader.swift */,
				B6E3676F2436450400B511A0 /* CCSectionHeader.xib */,
			);
			path = SectionHeader;
			sourceTree = "<group>";
		};
/* End PBXGroup section */

/* Begin PBXNativeTarget section */
		B6D7F54D24277A1A001BEBBC /* CrowdCast */ = {
			isa = PBXNativeTarget;
			buildConfigurationList = B6D7F57824277A1B001BEBBC /* Build configuration list for PBXNativeTarget "CrowdCast" */;
			buildPhases = (
				2069A5CC801EEB250C8FFA9A /* [CP] Check Pods Manifest.lock */,
				B6D7F54A24277A1A001BEBBC /* Sources */,
				B6D7F54B24277A1A001BEBBC /* Frameworks */,
				B6D7F54C24277A1A001BEBBC /* Resources */,
				DDC09D4C0B62FC6A17B6FFDE /* [CP] Embed Pods Frameworks */,
			);
			buildRules = (
			);
			dependencies = (
			);
			name = CrowdCast;
			productName = CrowdCast;
			productReference = B6D7F54E24277A1A001BEBBC /* CrowdCast.app */;
			productType = "com.apple.product-type.application";
		};
		B6D7F56324277A1B001BEBBC /* CrowdCastTests */ = {
			isa = PBXNativeTarget;
			buildConfigurationList = B6D7F57B24277A1B001BEBBC /* Build configuration list for PBXNativeTarget "CrowdCastTests" */;
			buildPhases = (
				041C5AB1BF74AF8EF1112AD3 /* [CP] Check Pods Manifest.lock */,
				B6D7F56024277A1B001BEBBC /* Sources */,
				B6D7F56124277A1B001BEBBC /* Frameworks */,
				B6D7F56224277A1B001BEBBC /* Resources */,
			);
			buildRules = (
			);
			dependencies = (
				B6D7F56624277A1B001BEBBC /* PBXTargetDependency */,
			);
			name = CrowdCastTests;
			productName = CrowdCastTests;
			productReference = B6D7F56424277A1B001BEBBC /* CrowdCastTests.xctest */;
			productType = "com.apple.product-type.bundle.unit-test";
		};
		B6D7F56E24277A1B001BEBBC /* CrowdCastUITests */ = {
			isa = PBXNativeTarget;
			buildConfigurationList = B6D7F57E24277A1B001BEBBC /* Build configuration list for PBXNativeTarget "CrowdCastUITests" */;
			buildPhases = (
				5897F85725347BC9C4E4C6CC /* [CP] Check Pods Manifest.lock */,
				B6D7F56B24277A1B001BEBBC /* Sources */,
				B6D7F56C24277A1B001BEBBC /* Frameworks */,
				B6D7F56D24277A1B001BEBBC /* Resources */,
				1AEE635B689CF1399DEEE07F /* [CP] Embed Pods Frameworks */,
			);
			buildRules = (
			);
			dependencies = (
				B6D7F57124277A1B001BEBBC /* PBXTargetDependency */,
			);
			name = CrowdCastUITests;
			productName = CrowdCastUITests;
			productReference = B6D7F56F24277A1B001BEBBC /* CrowdCastUITests.xctest */;
			productType = "com.apple.product-type.bundle.ui-testing";
		};
/* End PBXNativeTarget section */

/* Begin PBXProject section */
		B6D7F54624277A1A001BEBBC /* Project object */ = {
			isa = PBXProject;
			attributes = {
				LastSwiftUpdateCheck = 1130;
				LastUpgradeCheck = 1130;
				ORGANIZATIONNAME = "Usman Nazir";
				TargetAttributes = {
					B6D7F54D24277A1A001BEBBC = {
						CreatedOnToolsVersion = 11.3.1;
					};
					B6D7F56324277A1B001BEBBC = {
						CreatedOnToolsVersion = 11.3.1;
						TestTargetID = B6D7F54D24277A1A001BEBBC;
					};
					B6D7F56E24277A1B001BEBBC = {
						CreatedOnToolsVersion = 11.3.1;
						TestTargetID = B6D7F54D24277A1A001BEBBC;
					};
				};
			};
			buildConfigurationList = B6D7F54924277A1A001BEBBC /* Build configuration list for PBXProject "CrowdCast" */;
			compatibilityVersion = "Xcode 9.3";
			developmentRegion = en;
			hasScannedForEncodings = 0;
			knownRegions = (
				en,
				Base,
			);
			mainGroup = B6D7F54524277A1A001BEBBC;
			productRefGroup = B6D7F54F24277A1A001BEBBC /* Products */;
			projectDirPath = "";
			projectRoot = "";
			targets = (
				B6D7F54D24277A1A001BEBBC /* CrowdCast */,
				B6D7F56324277A1B001BEBBC /* CrowdCastTests */,
				B6D7F56E24277A1B001BEBBC /* CrowdCastUITests */,
			);
		};
/* End PBXProject section */

/* Begin PBXResourcesBuildPhase section */
		B6D7F54C24277A1A001BEBBC /* Resources */ = {
			isa = PBXResourcesBuildPhase;
			buildActionMask = 2147483647;
			files = (
				B693E302243112FF002B26BC /* Fireworks.png in Resources */,
				B693E304243113B4002B26BC /* Reading.png in Resources */,
				B6D7F55E24277A1B001BEBBC /* LaunchScreen.storyboard in Resources */,
				B61ADC212430BB5D00ECD1D2 /* Icons.xcassets in Resources */,
				B6754140242791340010B917 /* GoogleService-Info.plist in Resources */,
				B6D7F55B24277A1B001BEBBC /* Assets.xcassets in Resources */,
				B693E30D24312C7B002B26BC /* Home.storyboard in Resources */,
				B61ADC132430B03100ECD1D2 /* Cinzel-Bold.otf in Resources */,
				B61ADC192430B3DD00ECD1D2 /* Colors.xcassets in Resources */,
				B61ADC1B2430B53C00ECD1D2 /* Celebration.png in Resources */,
				B679620624324E6000C2A13C /* Onboarding.storyboard in Resources */,
				B61ADC122430B03100ECD1D2 /* Cinzel-Regular.otf in Resources */,
				B693E2FC2430F832002B26BC /* profile.png in Resources */,
				B67962032432476100C2A13C /* Avatar.png in Resources */,
				B693E30B24311DF1002B26BC /* adil.png in Resources */,
				B6E3675D2434F25000B511A0 /* CCCardTVCTableViewCell.xib in Resources */,
				B6E367712436450400B511A0 /* CCSectionHeader.xib in Resources */,
				B6E3675F24352A5F00B511A0 /* Others.storyboard in Resources */,
				B693E2FA2430F11D002B26BC /* Sitting.png in Resources */,
				B6D7F55924277A1A001BEBBC /* Main.storyboard in Resources */,
				B6BD90D724377E3D00F50848 /* Channels.storyboard in Resources */,
			);
			runOnlyForDeploymentPostprocessing = 0;
		};
		B6D7F56224277A1B001BEBBC /* Resources */ = {
			isa = PBXResourcesBuildPhase;
			buildActionMask = 2147483647;
			files = (
			);
			runOnlyForDeploymentPostprocessing = 0;
		};
		B6D7F56D24277A1B001BEBBC /* Resources */ = {
			isa = PBXResourcesBuildPhase;
			buildActionMask = 2147483647;
			files = (
			);
			runOnlyForDeploymentPostprocessing = 0;
		};
/* End PBXResourcesBuildPhase section */

/* Begin PBXShellScriptBuildPhase section */
		041C5AB1BF74AF8EF1112AD3 /* [CP] Check Pods Manifest.lock */ = {
			isa = PBXShellScriptBuildPhase;
			buildActionMask = 2147483647;
			files = (
			);
			inputFileListPaths = (
			);
			inputPaths = (
				"${PODS_PODFILE_DIR_PATH}/Podfile.lock",
				"${PODS_ROOT}/Manifest.lock",
			);
			name = "[CP] Check Pods Manifest.lock";
			outputFileListPaths = (
			);
			outputPaths = (
				"$(DERIVED_FILE_DIR)/Pods-CrowdCastTests-checkManifestLockResult.txt",
			);
			runOnlyForDeploymentPostprocessing = 0;
			shellPath = /bin/sh;
			shellScript = "diff \"${PODS_PODFILE_DIR_PATH}/Podfile.lock\" \"${PODS_ROOT}/Manifest.lock\" > /dev/null\nif [ $? != 0 ] ; then\n    # print error to STDERR\n    echo \"error: The sandbox is not in sync with the Podfile.lock. Run 'pod install' or update your CocoaPods installation.\" >&2\n    exit 1\nfi\n# This output is used by Xcode 'outputs' to avoid re-running this script phase.\necho \"SUCCESS\" > \"${SCRIPT_OUTPUT_FILE_0}\"\n";
			showEnvVarsInLog = 0;
		};
		1AEE635B689CF1399DEEE07F /* [CP] Embed Pods Frameworks */ = {
			isa = PBXShellScriptBuildPhase;
			buildActionMask = 2147483647;
			files = (
			);
			inputFileListPaths = (
				"${PODS_ROOT}/Target Support Files/Pods-CrowdCast-CrowdCastUITests/Pods-CrowdCast-CrowdCastUITests-frameworks-${CONFIGURATION}-input-files.xcfilelist",
			);
			name = "[CP] Embed Pods Frameworks";
			outputFileListPaths = (
				"${PODS_ROOT}/Target Support Files/Pods-CrowdCast-CrowdCastUITests/Pods-CrowdCast-CrowdCastUITests-frameworks-${CONFIGURATION}-output-files.xcfilelist",
			);
			runOnlyForDeploymentPostprocessing = 0;
			shellPath = /bin/sh;
			shellScript = "\"${PODS_ROOT}/Target Support Files/Pods-CrowdCast-CrowdCastUITests/Pods-CrowdCast-CrowdCastUITests-frameworks.sh\"\n";
			showEnvVarsInLog = 0;
		};
		2069A5CC801EEB250C8FFA9A /* [CP] Check Pods Manifest.lock */ = {
			isa = PBXShellScriptBuildPhase;
			buildActionMask = 2147483647;
			files = (
			);
			inputFileListPaths = (
			);
			inputPaths = (
				"${PODS_PODFILE_DIR_PATH}/Podfile.lock",
				"${PODS_ROOT}/Manifest.lock",
			);
			name = "[CP] Check Pods Manifest.lock";
			outputFileListPaths = (
			);
			outputPaths = (
				"$(DERIVED_FILE_DIR)/Pods-CrowdCast-checkManifestLockResult.txt",
			);
			runOnlyForDeploymentPostprocessing = 0;
			shellPath = /bin/sh;
			shellScript = "diff \"${PODS_PODFILE_DIR_PATH}/Podfile.lock\" \"${PODS_ROOT}/Manifest.lock\" > /dev/null\nif [ $? != 0 ] ; then\n    # print error to STDERR\n    echo \"error: The sandbox is not in sync with the Podfile.lock. Run 'pod install' or update your CocoaPods installation.\" >&2\n    exit 1\nfi\n# This output is used by Xcode 'outputs' to avoid re-running this script phase.\necho \"SUCCESS\" > \"${SCRIPT_OUTPUT_FILE_0}\"\n";
			showEnvVarsInLog = 0;
		};
		5897F85725347BC9C4E4C6CC /* [CP] Check Pods Manifest.lock */ = {
			isa = PBXShellScriptBuildPhase;
			buildActionMask = 2147483647;
			files = (
			);
			inputFileListPaths = (
			);
			inputPaths = (
				"${PODS_PODFILE_DIR_PATH}/Podfile.lock",
				"${PODS_ROOT}/Manifest.lock",
			);
			name = "[CP] Check Pods Manifest.lock";
			outputFileListPaths = (
			);
			outputPaths = (
				"$(DERIVED_FILE_DIR)/Pods-CrowdCast-CrowdCastUITests-checkManifestLockResult.txt",
			);
			runOnlyForDeploymentPostprocessing = 0;
			shellPath = /bin/sh;
			shellScript = "diff \"${PODS_PODFILE_DIR_PATH}/Podfile.lock\" \"${PODS_ROOT}/Manifest.lock\" > /dev/null\nif [ $? != 0 ] ; then\n    # print error to STDERR\n    echo \"error: The sandbox is not in sync with the Podfile.lock. Run 'pod install' or update your CocoaPods installation.\" >&2\n    exit 1\nfi\n# This output is used by Xcode 'outputs' to avoid re-running this script phase.\necho \"SUCCESS\" > \"${SCRIPT_OUTPUT_FILE_0}\"\n";
			showEnvVarsInLog = 0;
		};
		DDC09D4C0B62FC6A17B6FFDE /* [CP] Embed Pods Frameworks */ = {
			isa = PBXShellScriptBuildPhase;
			buildActionMask = 2147483647;
			files = (
			);
			inputFileListPaths = (
				"${PODS_ROOT}/Target Support Files/Pods-CrowdCast/Pods-CrowdCast-frameworks-${CONFIGURATION}-input-files.xcfilelist",
			);
			name = "[CP] Embed Pods Frameworks";
			outputFileListPaths = (
				"${PODS_ROOT}/Target Support Files/Pods-CrowdCast/Pods-CrowdCast-frameworks-${CONFIGURATION}-output-files.xcfilelist",
			);
			runOnlyForDeploymentPostprocessing = 0;
			shellPath = /bin/sh;
			shellScript = "\"${PODS_ROOT}/Target Support Files/Pods-CrowdCast/Pods-CrowdCast-frameworks.sh\"\n";
			showEnvVarsInLog = 0;
		};
/* End PBXShellScriptBuildPhase section */

/* Begin PBXSourcesBuildPhase section */
		B6D7F54A24277A1A001BEBBC /* Sources */ = {
			isa = PBXSourcesBuildPhase;
			buildActionMask = 2147483647;
			files = (
				B6E367702436450400B511A0 /* CCSectionHeader.swift in Sources */,
				B6E3676424352AFB00B511A0 /* CCSettingsVM.swift in Sources */,
				B693E2FE24310D4F002B26BC /* CCLoginVM.swift in Sources */,
				B67962102432565E00C2A13C /* CCOverviewVC.swift in Sources */,
				B693E30024310D5D002B26BC /* CCSignUpVM.swift in Sources */,
				B6BD90CB2436FEA400F50848 /* CCShowsCardHeaderProtocol.swift in Sources */,
				B6E3676224352AEE00B511A0 /* CCSettingsVC.swift in Sources */,
				B6BD90D52437137E00F50848 /* CCOverviewVM.swift in Sources */,
				B6E367732436634700B511A0 /* CCScreenProtocols.swift in Sources */,
				B679620924324EAF00C2A13C /* CCOnboardingVC.swift in Sources */,
				B67962122432566D00C2A13C /* CCChannelsVC.swift in Sources */,
				B6E3675C2434F25000B511A0 /* CCCardTVCTableViewCell.swift in Sources */,
				B6BD90DF24378CE100F50848 /* CCAddChannelVC.swift in Sources */,
				B693E30724311A37002B26BC /* CCSetupProfileVC.swift in Sources */,
				B66164452427E0BB002C068A /* CCSignUpVC.swift in Sources */,
				B6D7F55224277A1A001BEBBC /* AppDelegate.swift in Sources */,
				B6D7F58B24277AD7001BEBBC /* CCLoginVC.swift in Sources */,
				B62C71702434ADD00090901C /* CCTabBarController.swift in Sources */,
				B67962142432567A00C2A13C /* CCCrowdsVC.swift in Sources */,
				B6BD90CE2436FF4C00F50848 /* CCCardHeaderAction.swift in Sources */,
				B6BD90D32437130B00F50848 /* CCSectionHeaderData.swift in Sources */,
				B60A29D62434828400B7F76F /* CCSetsNavbarProtocol.swift in Sources */,
				B6BD90D0243703F600F50848 /* CCPrint.swift in Sources */,
				B61ADC1E2430B67600ECD1D2 /* CCButton.swift in Sources */,
				B6D7F55424277A1A001BEBBC /* SceneDelegate.swift in Sources */,
				B6BD90E124378E4F00F50848 /* CCJoinChannelVC.swift in Sources */,
				B64E4CEB2438750C0011715A /* CCChannelsVM.swift in Sources */,
				B679620B2432509300C2A13C /* CCConstantsManager.swift in Sources */,
			);
			runOnlyForDeploymentPostprocessing = 0;
		};
		B6D7F56024277A1B001BEBBC /* Sources */ = {
			isa = PBXSourcesBuildPhase;
			buildActionMask = 2147483647;
			files = (
				B6D7F56924277A1B001BEBBC /* CrowdCastTests.swift in Sources */,
			);
			runOnlyForDeploymentPostprocessing = 0;
		};
		B6D7F56B24277A1B001BEBBC /* Sources */ = {
			isa = PBXSourcesBuildPhase;
			buildActionMask = 2147483647;
			files = (
				B6D7F57424277A1B001BEBBC /* CrowdCastUITests.swift in Sources */,
			);
			runOnlyForDeploymentPostprocessing = 0;
		};
/* End PBXSourcesBuildPhase section */

/* Begin PBXTargetDependency section */
		B6D7F56624277A1B001BEBBC /* PBXTargetDependency */ = {
			isa = PBXTargetDependency;
			target = B6D7F54D24277A1A001BEBBC /* CrowdCast */;
			targetProxy = B6D7F56524277A1B001BEBBC /* PBXContainerItemProxy */;
		};
		B6D7F57124277A1B001BEBBC /* PBXTargetDependency */ = {
			isa = PBXTargetDependency;
			target = B6D7F54D24277A1A001BEBBC /* CrowdCast */;
			targetProxy = B6D7F57024277A1B001BEBBC /* PBXContainerItemProxy */;
		};
/* End PBXTargetDependency section */

/* Begin PBXVariantGroup section */
		B6D7F55724277A1A001BEBBC /* Main.storyboard */ = {
			isa = PBXVariantGroup;
			children = (
				B6D7F55824277A1A001BEBBC /* Base */,
			);
			name = Main.storyboard;
			sourceTree = "<group>";
		};
		B6D7F55C24277A1B001BEBBC /* LaunchScreen.storyboard */ = {
			isa = PBXVariantGroup;
			children = (
				B6D7F55D24277A1B001BEBBC /* Base */,
			);
			name = LaunchScreen.storyboard;
			sourceTree = "<group>";
		};
/* End PBXVariantGroup section */

/* Begin XCBuildConfiguration section */
		B6D7F57624277A1B001BEBBC /* Debug */ = {
			isa = XCBuildConfiguration;
			buildSettings = {
				ALWAYS_SEARCH_USER_PATHS = NO;
				CLANG_ANALYZER_NONNULL = YES;
				CLANG_ANALYZER_NUMBER_OBJECT_CONVERSION = YES_AGGRESSIVE;
				CLANG_CXX_LANGUAGE_STANDARD = "gnu++14";
				CLANG_CXX_LIBRARY = "libc++";
				CLANG_ENABLE_MODULES = YES;
				CLANG_ENABLE_OBJC_ARC = YES;
				CLANG_ENABLE_OBJC_WEAK = YES;
				CLANG_WARN_BLOCK_CAPTURE_AUTORELEASING = YES;
				CLANG_WARN_BOOL_CONVERSION = YES;
				CLANG_WARN_COMMA = YES;
				CLANG_WARN_CONSTANT_CONVERSION = YES;
				CLANG_WARN_DEPRECATED_OBJC_IMPLEMENTATIONS = YES;
				CLANG_WARN_DIRECT_OBJC_ISA_USAGE = YES_ERROR;
				CLANG_WARN_DOCUMENTATION_COMMENTS = YES;
				CLANG_WARN_EMPTY_BODY = YES;
				CLANG_WARN_ENUM_CONVERSION = YES;
				CLANG_WARN_INFINITE_RECURSION = YES;
				CLANG_WARN_INT_CONVERSION = YES;
				CLANG_WARN_NON_LITERAL_NULL_CONVERSION = YES;
				CLANG_WARN_OBJC_IMPLICIT_RETAIN_SELF = YES;
				CLANG_WARN_OBJC_LITERAL_CONVERSION = YES;
				CLANG_WARN_OBJC_ROOT_CLASS = YES_ERROR;
				CLANG_WARN_RANGE_LOOP_ANALYSIS = YES;
				CLANG_WARN_STRICT_PROTOTYPES = YES;
				CLANG_WARN_SUSPICIOUS_MOVE = YES;
				CLANG_WARN_UNGUARDED_AVAILABILITY = YES_AGGRESSIVE;
				CLANG_WARN_UNREACHABLE_CODE = YES;
				CLANG_WARN__DUPLICATE_METHOD_MATCH = YES;
				COPY_PHASE_STRIP = NO;
				DEBUG_INFORMATION_FORMAT = dwarf;
				ENABLE_STRICT_OBJC_MSGSEND = YES;
				ENABLE_TESTABILITY = YES;
				GCC_C_LANGUAGE_STANDARD = gnu11;
				GCC_DYNAMIC_NO_PIC = NO;
				GCC_NO_COMMON_BLOCKS = YES;
				GCC_OPTIMIZATION_LEVEL = 0;
				GCC_PREPROCESSOR_DEFINITIONS = (
					"DEBUG=1",
					"$(inherited)",
				);
				GCC_WARN_64_TO_32_BIT_CONVERSION = YES;
				GCC_WARN_ABOUT_RETURN_TYPE = YES_ERROR;
				GCC_WARN_UNDECLARED_SELECTOR = YES;
				GCC_WARN_UNINITIALIZED_AUTOS = YES_AGGRESSIVE;
				GCC_WARN_UNUSED_FUNCTION = YES;
				GCC_WARN_UNUSED_VARIABLE = YES;
				IPHONEOS_DEPLOYMENT_TARGET = 13.2;
				MTL_ENABLE_DEBUG_INFO = INCLUDE_SOURCE;
				MTL_FAST_MATH = YES;
				ONLY_ACTIVE_ARCH = YES;
				SDKROOT = iphoneos;
				SWIFT_ACTIVE_COMPILATION_CONDITIONS = DEBUG;
				SWIFT_OPTIMIZATION_LEVEL = "-Onone";
			};
			name = Debug;
		};
		B6D7F57724277A1B001BEBBC /* Release */ = {
			isa = XCBuildConfiguration;
			buildSettings = {
				ALWAYS_SEARCH_USER_PATHS = NO;
				CLANG_ANALYZER_NONNULL = YES;
				CLANG_ANALYZER_NUMBER_OBJECT_CONVERSION = YES_AGGRESSIVE;
				CLANG_CXX_LANGUAGE_STANDARD = "gnu++14";
				CLANG_CXX_LIBRARY = "libc++";
				CLANG_ENABLE_MODULES = YES;
				CLANG_ENABLE_OBJC_ARC = YES;
				CLANG_ENABLE_OBJC_WEAK = YES;
				CLANG_WARN_BLOCK_CAPTURE_AUTORELEASING = YES;
				CLANG_WARN_BOOL_CONVERSION = YES;
				CLANG_WARN_COMMA = YES;
				CLANG_WARN_CONSTANT_CONVERSION = YES;
				CLANG_WARN_DEPRECATED_OBJC_IMPLEMENTATIONS = YES;
				CLANG_WARN_DIRECT_OBJC_ISA_USAGE = YES_ERROR;
				CLANG_WARN_DOCUMENTATION_COMMENTS = YES;
				CLANG_WARN_EMPTY_BODY = YES;
				CLANG_WARN_ENUM_CONVERSION = YES;
				CLANG_WARN_INFINITE_RECURSION = YES;
				CLANG_WARN_INT_CONVERSION = YES;
				CLANG_WARN_NON_LITERAL_NULL_CONVERSION = YES;
				CLANG_WARN_OBJC_IMPLICIT_RETAIN_SELF = YES;
				CLANG_WARN_OBJC_LITERAL_CONVERSION = YES;
				CLANG_WARN_OBJC_ROOT_CLASS = YES_ERROR;
				CLANG_WARN_RANGE_LOOP_ANALYSIS = YES;
				CLANG_WARN_STRICT_PROTOTYPES = YES;
				CLANG_WARN_SUSPICIOUS_MOVE = YES;
				CLANG_WARN_UNGUARDED_AVAILABILITY = YES_AGGRESSIVE;
				CLANG_WARN_UNREACHABLE_CODE = YES;
				CLANG_WARN__DUPLICATE_METHOD_MATCH = YES;
				COPY_PHASE_STRIP = NO;
				DEBUG_INFORMATION_FORMAT = "dwarf-with-dsym";
				ENABLE_NS_ASSERTIONS = NO;
				ENABLE_STRICT_OBJC_MSGSEND = YES;
				GCC_C_LANGUAGE_STANDARD = gnu11;
				GCC_NO_COMMON_BLOCKS = YES;
				GCC_WARN_64_TO_32_BIT_CONVERSION = YES;
				GCC_WARN_ABOUT_RETURN_TYPE = YES_ERROR;
				GCC_WARN_UNDECLARED_SELECTOR = YES;
				GCC_WARN_UNINITIALIZED_AUTOS = YES_AGGRESSIVE;
				GCC_WARN_UNUSED_FUNCTION = YES;
				GCC_WARN_UNUSED_VARIABLE = YES;
				IPHONEOS_DEPLOYMENT_TARGET = 13.2;
				MTL_ENABLE_DEBUG_INFO = NO;
				MTL_FAST_MATH = YES;
				SDKROOT = iphoneos;
				SWIFT_COMPILATION_MODE = wholemodule;
				SWIFT_OPTIMIZATION_LEVEL = "-O";
				VALIDATE_PRODUCT = YES;
			};
			name = Release;
		};
		B6D7F57924277A1B001BEBBC /* Debug */ = {
			isa = XCBuildConfiguration;
			baseConfigurationReference = 9ED097A4257B79B19ABF3F69 /* Pods-CrowdCast.debug.xcconfig */;
			buildSettings = {
				ASSETCATALOG_COMPILER_APPICON_NAME = AppIcon;
				CODE_SIGN_STYLE = Automatic;
				DEVELOPMENT_TEAM = 524G574595;
				INFOPLIST_FILE = CrowdCast/Info.plist;
				LD_RUNPATH_SEARCH_PATHS = (
					"$(inherited)",
					"@executable_path/Frameworks",
				);
				PRODUCT_BUNDLE_IDENTIFIER = com.crowdcast.crowd;
				PRODUCT_NAME = "$(TARGET_NAME)";
				SWIFT_VERSION = 5.0;
				TARGETED_DEVICE_FAMILY = "1,2";
			};
			name = Debug;
		};
		B6D7F57A24277A1B001BEBBC /* Release */ = {
			isa = XCBuildConfiguration;
			baseConfigurationReference = 8F817045FDFF90F3895A6FB8 /* Pods-CrowdCast.release.xcconfig */;
			buildSettings = {
				ASSETCATALOG_COMPILER_APPICON_NAME = AppIcon;
				CODE_SIGN_STYLE = Automatic;
				DEVELOPMENT_TEAM = 524G574595;
				INFOPLIST_FILE = CrowdCast/Info.plist;
				LD_RUNPATH_SEARCH_PATHS = (
					"$(inherited)",
					"@executable_path/Frameworks",
				);
				PRODUCT_BUNDLE_IDENTIFIER = com.crowdcast.crowd;
				PRODUCT_NAME = "$(TARGET_NAME)";
				SWIFT_VERSION = 5.0;
				TARGETED_DEVICE_FAMILY = "1,2";
			};
			name = Release;
		};
		B6D7F57C24277A1B001BEBBC /* Debug */ = {
			isa = XCBuildConfiguration;
			baseConfigurationReference = 99B716AB8F4B132E23E78760 /* Pods-CrowdCastTests.debug.xcconfig */;
			buildSettings = {
				ALWAYS_EMBED_SWIFT_STANDARD_LIBRARIES = YES;
				BUNDLE_LOADER = "$(TEST_HOST)";
				CODE_SIGN_STYLE = Automatic;
				DEVELOPMENT_TEAM = 524G574595;
				INFOPLIST_FILE = CrowdCastTests/Info.plist;
				IPHONEOS_DEPLOYMENT_TARGET = 13.2;
				LD_RUNPATH_SEARCH_PATHS = (
					"$(inherited)",
					"@executable_path/Frameworks",
					"@loader_path/Frameworks",
				);
				PRODUCT_BUNDLE_IDENTIFIER = com.crowdcast.CrowdCastTests;
				PRODUCT_NAME = "$(TARGET_NAME)";
				SWIFT_VERSION = 5.0;
				TARGETED_DEVICE_FAMILY = "1,2";
				TEST_HOST = "$(BUILT_PRODUCTS_DIR)/CrowdCast.app/CrowdCast";
			};
			name = Debug;
		};
		B6D7F57D24277A1B001BEBBC /* Release */ = {
			isa = XCBuildConfiguration;
			baseConfigurationReference = 9126246316D1D9808F81142C /* Pods-CrowdCastTests.release.xcconfig */;
			buildSettings = {
				ALWAYS_EMBED_SWIFT_STANDARD_LIBRARIES = YES;
				BUNDLE_LOADER = "$(TEST_HOST)";
				CODE_SIGN_STYLE = Automatic;
				DEVELOPMENT_TEAM = 524G574595;
				INFOPLIST_FILE = CrowdCastTests/Info.plist;
				IPHONEOS_DEPLOYMENT_TARGET = 13.2;
				LD_RUNPATH_SEARCH_PATHS = (
					"$(inherited)",
					"@executable_path/Frameworks",
					"@loader_path/Frameworks",
				);
				PRODUCT_BUNDLE_IDENTIFIER = com.crowdcast.CrowdCastTests;
				PRODUCT_NAME = "$(TARGET_NAME)";
				SWIFT_VERSION = 5.0;
				TARGETED_DEVICE_FAMILY = "1,2";
				TEST_HOST = "$(BUILT_PRODUCTS_DIR)/CrowdCast.app/CrowdCast";
			};
			name = Release;
		};
		B6D7F57F24277A1B001BEBBC /* Debug */ = {
			isa = XCBuildConfiguration;
			baseConfigurationReference = 9358F1E9AA70777512033489 /* Pods-CrowdCast-CrowdCastUITests.debug.xcconfig */;
			buildSettings = {
				ALWAYS_EMBED_SWIFT_STANDARD_LIBRARIES = YES;
				CODE_SIGN_STYLE = Automatic;
				DEVELOPMENT_TEAM = 524G574595;
				INFOPLIST_FILE = CrowdCastUITests/Info.plist;
				LD_RUNPATH_SEARCH_PATHS = (
					"$(inherited)",
					"@executable_path/Frameworks",
					"@loader_path/Frameworks",
				);
				PRODUCT_BUNDLE_IDENTIFIER = com.crowdcast.CrowdCastUITests;
				PRODUCT_NAME = "$(TARGET_NAME)";
				SWIFT_VERSION = 5.0;
				TARGETED_DEVICE_FAMILY = "1,2";
				TEST_TARGET_NAME = CrowdCast;
			};
			name = Debug;
		};
		B6D7F58024277A1B001BEBBC /* Release */ = {
			isa = XCBuildConfiguration;
			baseConfigurationReference = 7F043EA963985C662E1BEE78 /* Pods-CrowdCast-CrowdCastUITests.release.xcconfig */;
			buildSettings = {
				ALWAYS_EMBED_SWIFT_STANDARD_LIBRARIES = YES;
				CODE_SIGN_STYLE = Automatic;
				DEVELOPMENT_TEAM = 524G574595;
				INFOPLIST_FILE = CrowdCastUITests/Info.plist;
				LD_RUNPATH_SEARCH_PATHS = (
					"$(inherited)",
					"@executable_path/Frameworks",
					"@loader_path/Frameworks",
				);
				PRODUCT_BUNDLE_IDENTIFIER = com.crowdcast.CrowdCastUITests;
				PRODUCT_NAME = "$(TARGET_NAME)";
				SWIFT_VERSION = 5.0;
				TARGETED_DEVICE_FAMILY = "1,2";
				TEST_TARGET_NAME = CrowdCast;
			};
			name = Release;
		};
/* End XCBuildConfiguration section */

/* Begin XCConfigurationList section */
		B6D7F54924277A1A001BEBBC /* Build configuration list for PBXProject "CrowdCast" */ = {
			isa = XCConfigurationList;
			buildConfigurations = (
				B6D7F57624277A1B001BEBBC /* Debug */,
				B6D7F57724277A1B001BEBBC /* Release */,
			);
			defaultConfigurationIsVisible = 0;
			defaultConfigurationName = Release;
		};
		B6D7F57824277A1B001BEBBC /* Build configuration list for PBXNativeTarget "CrowdCast" */ = {
			isa = XCConfigurationList;
			buildConfigurations = (
				B6D7F57924277A1B001BEBBC /* Debug */,
				B6D7F57A24277A1B001BEBBC /* Release */,
			);
			defaultConfigurationIsVisible = 0;
			defaultConfigurationName = Release;
		};
		B6D7F57B24277A1B001BEBBC /* Build configuration list for PBXNativeTarget "CrowdCastTests" */ = {
			isa = XCConfigurationList;
			buildConfigurations = (
				B6D7F57C24277A1B001BEBBC /* Debug */,
				B6D7F57D24277A1B001BEBBC /* Release */,
			);
			defaultConfigurationIsVisible = 0;
			defaultConfigurationName = Release;
		};
		B6D7F57E24277A1B001BEBBC /* Build configuration list for PBXNativeTarget "CrowdCastUITests" */ = {
			isa = XCConfigurationList;
			buildConfigurations = (
				B6D7F57F24277A1B001BEBBC /* Debug */,
				B6D7F58024277A1B001BEBBC /* Release */,
			);
			defaultConfigurationIsVisible = 0;
			defaultConfigurationName = Release;
		};
/* End XCConfigurationList section */
	};
	rootObject = B6D7F54624277A1A001BEBBC /* Project object */;
}
