// !$*UTF8*$!
{
	archiveVersion = 1;
	classes = {
	};
	objectVersion = 51;
	objects = {

/* Begin PBXBuildFile section */
		19BD2E55803CD5FC8922B86D /* Pods_CrowdCastTests.framework in Frameworks */ = {isa = PBXBuildFile; fileRef = E49E639FFFF7D8D38BDF03A6 /* Pods_CrowdCastTests.framework */; };
		3092C3DD839D852D430FD2F8 /* Pods_CrowdCast.framework in Frameworks */ = {isa = PBXBuildFile; fileRef = BF905F62DCF1B6A72C8CDAAE /* Pods_CrowdCast.framework */; };
		6707B85EA492079AD4852897 /* Pods_CrowdCast_CrowdCastUITests.framework in Frameworks */ = {isa = PBXBuildFile; fileRef = 3105D5E9A0BD025B5F9B98B1 /* Pods_CrowdCast_CrowdCastUITests.framework */; };
		B61ADC122430B03100ECD1D2 /* Cinzel-Regular.otf in Resources */ = {isa = PBXBuildFile; fileRef = B61ADC102430B03100ECD1D2 /* Cinzel-Regular.otf */; };
		B61ADC132430B03100ECD1D2 /* Cinzel-Bold.otf in Resources */ = {isa = PBXBuildFile; fileRef = B61ADC112430B03100ECD1D2 /* Cinzel-Bold.otf */; };
		B61ADC192430B3DD00ECD1D2 /* Colors.xcassets in Resources */ = {isa = PBXBuildFile; fileRef = B61ADC182430B3DD00ECD1D2 /* Colors.xcassets */; };
		B61ADC1B2430B53C00ECD1D2 /* Celebration.png in Resources */ = {isa = PBXBuildFile; fileRef = B61ADC1A2430B53B00ECD1D2 /* Celebration.png */; };
		B61ADC1E2430B67600ECD1D2 /* CCButton.swift in Sources */ = {isa = PBXBuildFile; fileRef = B61ADC1D2430B67600ECD1D2 /* CCButton.swift */; };
		B61ADC212430BB5D00ECD1D2 /* Icons.xcassets in Resources */ = {isa = PBXBuildFile; fileRef = B61ADC202430BB5D00ECD1D2 /* Icons.xcassets */; };
		B66164452427E0BB002C068A /* CCSignUpVC.swift in Sources */ = {isa = PBXBuildFile; fileRef = B66164442427E0BB002C068A /* CCSignUpVC.swift */; };
		B6754140242791340010B917 /* GoogleService-Info.plist in Resources */ = {isa = PBXBuildFile; fileRef = B675413F242791340010B917 /* GoogleService-Info.plist */; };
		B693E2FA2430F11D002B26BC /* Sitting.png in Resources */ = {isa = PBXBuildFile; fileRef = B693E2F92430F11D002B26BC /* Sitting.png */; };
		B693E2FC2430F832002B26BC /* profile.png in Resources */ = {isa = PBXBuildFile; fileRef = B693E2FB2430F832002B26BC /* profile.png */; };
		B693E2FE24310D4F002B26BC /* CCLoginVM.swift in Sources */ = {isa = PBXBuildFile; fileRef = B693E2FD24310D4F002B26BC /* CCLoginVM.swift */; };
		B693E30024310D5D002B26BC /* CCSignUpVM.swift in Sources */ = {isa = PBXBuildFile; fileRef = B693E2FF24310D5D002B26BC /* CCSignUpVM.swift */; };
		B693E302243112FF002B26BC /* Fireworks.png in Resources */ = {isa = PBXBuildFile; fileRef = B693E301243112FF002B26BC /* Fireworks.png */; };
		B693E304243113B4002B26BC /* Reading.png in Resources */ = {isa = PBXBuildFile; fileRef = B693E303243113B4002B26BC /* Reading.png */; };
		B6D7F55224277A1A001BEBBC /* AppDelegate.swift in Sources */ = {isa = PBXBuildFile; fileRef = B6D7F55124277A1A001BEBBC /* AppDelegate.swift */; };
		B6D7F55424277A1A001BEBBC /* SceneDelegate.swift in Sources */ = {isa = PBXBuildFile; fileRef = B6D7F55324277A1A001BEBBC /* SceneDelegate.swift */; };
		B6D7F55924277A1A001BEBBC /* Main.storyboard in Resources */ = {isa = PBXBuildFile; fileRef = B6D7F55724277A1A001BEBBC /* Main.storyboard */; };
		B6D7F55B24277A1B001BEBBC /* Assets.xcassets in Resources */ = {isa = PBXBuildFile; fileRef = B6D7F55A24277A1B001BEBBC /* Assets.xcassets */; };
		B6D7F55E24277A1B001BEBBC /* LaunchScreen.storyboard in Resources */ = {isa = PBXBuildFile; fileRef = B6D7F55C24277A1B001BEBBC /* LaunchScreen.storyboard */; };
		B6D7F56924277A1B001BEBBC /* CrowdCastTests.swift in Sources */ = {isa = PBXBuildFile; fileRef = B6D7F56824277A1B001BEBBC /* CrowdCastTests.swift */; };
		B6D7F57424277A1B001BEBBC /* CrowdCastUITests.swift in Sources */ = {isa = PBXBuildFile; fileRef = B6D7F57324277A1B001BEBBC /* CrowdCastUITests.swift */; };
		B6D7F58B24277AD7001BEBBC /* CCLoginVC.swift in Sources */ = {isa = PBXBuildFile; fileRef = B6D7F58A24277AD7001BEBBC /* CCLoginVC.swift */; };
/* End PBXBuildFile section */

/* Begin PBXContainerItemProxy section */
		B6D7F56524277A1B001BEBBC /* PBXContainerItemProxy */ = {
			isa = PBXContainerItemProxy;
			containerPortal = B6D7F54624277A1A001BEBBC /* Project object */;
			proxyType = 1;
			remoteGlobalIDString = B6D7F54D24277A1A001BEBBC;
			remoteInfo = CrowdCast;
		};
		B6D7F57024277A1B001BEBBC /* PBXContainerItemProxy */ = {
			isa = PBXContainerItemProxy;
			containerPortal = B6D7F54624277A1A001BEBBC /* Project object */;
			proxyType = 1;
			remoteGlobalIDString = B6D7F54D24277A1A001BEBBC;
			remoteInfo = CrowdCast;
		};
/* End PBXContainerItemProxy section */

/* Begin PBXFileReference section */
		3105D5E9A0BD025B5F9B98B1 /* Pods_CrowdCast_CrowdCastUITests.framework */ = {isa = PBXFileReference; explicitFileType = wrapper.framework; includeInIndex = 0; path = Pods_CrowdCast_CrowdCastUITests.framework; sourceTree = BUILT_PRODUCTS_DIR; };
		7F043EA963985C662E1BEE78 /* Pods-CrowdCast-CrowdCastUITests.release.xcconfig */ = {isa = PBXFileReference; includeInIndex = 1; lastKnownFileType = text.xcconfig; name = "Pods-CrowdCast-CrowdCastUITests.release.xcconfig"; path = "Target Support Files/Pods-CrowdCast-CrowdCastUITests/Pods-CrowdCast-CrowdCastUITests.release.xcconfig"; sourceTree = "<group>"; };
		8F817045FDFF90F3895A6FB8 /* Pods-CrowdCast.release.xcconfig */ = {isa = PBXFileReference; includeInIndex = 1; lastKnownFileType = text.xcconfig; name = "Pods-CrowdCast.release.xcconfig"; path = "Target Support Files/Pods-CrowdCast/Pods-CrowdCast.release.xcconfig"; sourceTree = "<group>"; };
		9126246316D1D9808F81142C /* Pods-CrowdCastTests.release.xcconfig */ = {isa = PBXFileReference; includeInIndex = 1; lastKnownFileType = text.xcconfig; name = "Pods-CrowdCastTests.release.xcconfig"; path = "Target Support Files/Pods-CrowdCastTests/Pods-CrowdCastTests.release.xcconfig"; sourceTree = "<group>"; };
		9358F1E9AA70777512033489 /* Pods-CrowdCast-CrowdCastUITests.debug.xcconfig */ = {isa = PBXFileReference; includeInIndex = 1; lastKnownFileType = text.xcconfig; name = "Pods-CrowdCast-CrowdCastUITests.debug.xcconfig"; path = "Target Support Files/Pods-CrowdCast-CrowdCastUITests/Pods-CrowdCast-CrowdCastUITests.debug.xcconfig"; sourceTree = "<group>"; };
		99B716AB8F4B132E23E78760 /* Pods-CrowdCastTests.debug.xcconfig */ = {isa = PBXFileReference; includeInIndex = 1; lastKnownFileType = text.xcconfig; name = "Pods-CrowdCastTests.debug.xcconfig"; path = "Target Support Files/Pods-CrowdCastTests/Pods-CrowdCastTests.debug.xcconfig"; sourceTree = "<group>"; };
		9ED097A4257B79B19ABF3F69 /* Pods-CrowdCast.debug.xcconfig */ = {isa = PBXFileReference; includeInIndex = 1; lastKnownFileType = text.xcconfig; name = "Pods-CrowdCast.debug.xcconfig"; path = "Target Support Files/Pods-CrowdCast/Pods-CrowdCast.debug.xcconfig"; sourceTree = "<group>"; };
		B61ADC102430B03100ECD1D2 /* Cinzel-Regular.otf */ = {isa = PBXFileReference; lastKnownFileType = file; path = "Cinzel-Regular.otf"; sourceTree = "<group>"; };
		B61ADC112430B03100ECD1D2 /* Cinzel-Bold.otf */ = {isa = PBXFileReference; lastKnownFileType = file; path = "Cinzel-Bold.otf"; sourceTree = "<group>"; };
		B61ADC182430B3DD00ECD1D2 /* Colors.xcassets */ = {isa = PBXFileReference; lastKnownFileType = folder.assetcatalog; path = Colors.xcassets; sourceTree = "<group>"; };
		B61ADC1A2430B53B00ECD1D2 /* Celebration.png */ = {isa = PBXFileReference; lastKnownFileType = image.png; path = Celebration.png; sourceTree = "<group>"; };
		B61ADC1D2430B67600ECD1D2 /* CCButton.swift */ = {isa = PBXFileReference; lastKnownFileType = sourcecode.swift; path = CCButton.swift; sourceTree = "<group>"; };
		B61ADC202430BB5D00ECD1D2 /* Icons.xcassets */ = {isa = PBXFileReference; lastKnownFileType = folder.assetcatalog; path = Icons.xcassets; sourceTree = "<group>"; };
		B66164442427E0BB002C068A /* CCSignUpVC.swift */ = {isa = PBXFileReference; lastKnownFileType = sourcecode.swift; path = CCSignUpVC.swift; sourceTree = "<group>"; };
		B675413F242791340010B917 /* GoogleService-Info.plist */ = {isa = PBXFileReference; fileEncoding = 4; lastKnownFileType = text.plist.xml; name = "GoogleService-Info.plist"; path = "../../../Downloads/GoogleService-Info.plist"; sourceTree = "<group>"; };
		B693E2F92430F11D002B26BC /* Sitting.png */ = {isa = PBXFileReference; lastKnownFileType = image.png; path = Sitting.png; sourceTree = "<group>"; };
		B693E2FB2430F832002B26BC /* profile.png */ = {isa = PBXFileReference; lastKnownFileType = image.png; path = profile.png; sourceTree = "<group>"; };
		B693E2FD24310D4F002B26BC /* CCLoginVM.swift */ = {isa = PBXFileReference; lastKnownFileType = sourcecode.swift; path = CCLoginVM.swift; sourceTree = "<group>"; };
		B693E2FF24310D5D002B26BC /* CCSignUpVM.swift */ = {isa = PBXFileReference; lastKnownFileType = sourcecode.swift; path = CCSignUpVM.swift; sourceTree = "<group>"; };
		B693E301243112FF002B26BC /* Fireworks.png */ = {isa = PBXFileReference; lastKnownFileType = image.png; path = Fireworks.png; sourceTree = "<group>"; };
		B693E303243113B4002B26BC /* Reading.png */ = {isa = PBXFileReference; lastKnownFileType = image.png; path = Reading.png; sourceTree = "<group>"; };
		B6D7F54E24277A1A001BEBBC /* CrowdCast.app */ = {isa = PBXFileReference; explicitFileType = wrapper.application; includeInIndex = 0; path = CrowdCast.app; sourceTree = BUILT_PRODUCTS_DIR; };
		B6D7F55124277A1A001BEBBC /* AppDelegate.swift */ = {isa = PBXFileReference; lastKnownFileType = sourcecode.swift; path = AppDelegate.swift; sourceTree = "<group>"; };
		B6D7F55324277A1A001BEBBC /* SceneDelegate.swift */ = {isa = PBXFileReference; lastKnownFileType = sourcecode.swift; path = SceneDelegate.swift; sourceTree = "<group>"; };
		B6D7F55824277A1A001BEBBC /* Base */ = {isa = PBXFileReference; lastKnownFileType = file.storyboard; name = Base; path = Base.lproj/Main.storyboard; sourceTree = "<group>"; };
		B6D7F55A24277A1B001BEBBC /* Assets.xcassets */ = {isa = PBXFileReference; lastKnownFileType = folder.assetcatalog; path = Assets.xcassets; sourceTree = "<group>"; };
		B6D7F55D24277A1B001BEBBC /* Base */ = {isa = PBXFileReference; lastKnownFileType = file.storyboard; name = Base; path = Base.lproj/LaunchScreen.storyboard; sourceTree = "<group>"; };
		B6D7F55F24277A1B001BEBBC /* Info.plist */ = {isa = PBXFileReference; lastKnownFileType = text.plist.xml; path = Info.plist; sourceTree = "<group>"; };
		B6D7F56424277A1B001BEBBC /* CrowdCastTests.xctest */ = {isa = PBXFileReference; explicitFileType = wrapper.cfbundle; includeInIndex = 0; path = CrowdCastTests.xctest; sourceTree = BUILT_PRODUCTS_DIR; };
		B6D7F56824277A1B001BEBBC /* CrowdCastTests.swift */ = {isa = PBXFileReference; lastKnownFileType = sourcecode.swift; path = CrowdCastTests.swift; sourceTree = "<group>"; };
		B6D7F56A24277A1B001BEBBC /* Info.plist */ = {isa = PBXFileReference; lastKnownFileType = text.plist.xml; path = Info.plist; sourceTree = "<group>"; };
		B6D7F56F24277A1B001BEBBC /* CrowdCastUITests.xctest */ = {isa = PBXFileReference; explicitFileType = wrapper.cfbundle; includeInIndex = 0; path = CrowdCastUITests.xctest; sourceTree = BUILT_PRODUCTS_DIR; };
		B6D7F57324277A1B001BEBBC /* CrowdCastUITests.swift */ = {isa = PBXFileReference; lastKnownFileType = sourcecode.swift; path = CrowdCastUITests.swift; sourceTree = "<group>"; };
		B6D7F57524277A1B001BEBBC /* Info.plist */ = {isa = PBXFileReference; lastKnownFileType = text.plist.xml; path = Info.plist; sourceTree = "<group>"; };
		B6D7F58A24277AD7001BEBBC /* CCLoginVC.swift */ = {isa = PBXFileReference; lastKnownFileType = sourcecode.swift; path = CCLoginVC.swift; sourceTree = "<group>"; };
		BF905F62DCF1B6A72C8CDAAE /* Pods_CrowdCast.framework */ = {isa = PBXFileReference; explicitFileType = wrapper.framework; includeInIndex = 0; path = Pods_CrowdCast.framework; sourceTree = BUILT_PRODUCTS_DIR; };
		E49E639FFFF7D8D38BDF03A6 /* Pods_CrowdCastTests.framework */ = {isa = PBXFileReference; explicitFileType = wrapper.framework; includeInIndex = 0; path = Pods_CrowdCastTests.framework; sourceTree = BUILT_PRODUCTS_DIR; };
/* End PBXFileReference section */

/* Begin PBXFrameworksBuildPhase section */
		B6D7F54B24277A1A001BEBBC /* Frameworks */ = {
			isa = PBXFrameworksBuildPhase;
			buildActionMask = 2147483647;
			files = (
				3092C3DD839D852D430FD2F8 /* Pods_CrowdCast.framework in Frameworks */,
			);
			runOnlyForDeploymentPostprocessing = 0;
		};
		B6D7F56124277A1B001BEBBC /* Frameworks */ = {
			isa = PBXFrameworksBuildPhase;
			buildActionMask = 2147483647;
			files = (
				19BD2E55803CD5FC8922B86D /* Pods_CrowdCastTests.framework in Frameworks */,
			);
			runOnlyForDeploymentPostprocessing = 0;
		};
		B6D7F56C24277A1B001BEBBC /* Frameworks */ = {
			isa = PBXFrameworksBuildPhase;
			buildActionMask = 2147483647;
			files = (
				6707B85EA492079AD4852897 /* Pods_CrowdCast_CrowdCastUITests.framework in Frameworks */,
			);
			runOnlyForDeploymentPostprocessing = 0;
		};
/* End PBXFrameworksBuildPhase section */

/* Begin PBXGroup section */
		26EB2F6320B3F6FE10010C25 /* Frameworks */ = {
			isa = PBXGroup;
			children = (
				BF905F62DCF1B6A72C8CDAAE /* Pods_CrowdCast.framework */,
				3105D5E9A0BD025B5F9B98B1 /* Pods_CrowdCast_CrowdCastUITests.framework */,
				E49E639FFFF7D8D38BDF03A6 /* Pods_CrowdCastTests.framework */,
			);
			name = Frameworks;
			sourceTree = "<group>";
		};
		41AE69897168175D4C6592E0 /* Pods */ = {
			isa = PBXGroup;
			children = (
				9ED097A4257B79B19ABF3F69 /* Pods-CrowdCast.debug.xcconfig */,
				8F817045FDFF90F3895A6FB8 /* Pods-CrowdCast.release.xcconfig */,
				9358F1E9AA70777512033489 /* Pods-CrowdCast-CrowdCastUITests.debug.xcconfig */,
				7F043EA963985C662E1BEE78 /* Pods-CrowdCast-CrowdCastUITests.release.xcconfig */,
				99B716AB8F4B132E23E78760 /* Pods-CrowdCastTests.debug.xcconfig */,
				9126246316D1D9808F81142C /* Pods-CrowdCastTests.release.xcconfig */,
			);
			path = Pods;
			sourceTree = "<group>";
		};
		B61ADC0E2430AF3800ECD1D2 /* Fonts */ = {
			isa = PBXGroup;
			children = (
				B61ADC0F2430B00000ECD1D2 /* Cinzel */,
			);
			path = Fonts;
			sourceTree = "<group>";
		};
		B61ADC0F2430B00000ECD1D2 /* Cinzel */ = {
			isa = PBXGroup;
			children = (
				B61ADC112430B03100ECD1D2 /* Cinzel-Bold.otf */,
				B61ADC102430B03100ECD1D2 /* Cinzel-Regular.otf */,
			);
			path = Cinzel;
			sourceTree = "<group>";
		};
		B61ADC142430B2D200ECD1D2 /* Illustrations */ = {
			isa = PBXGroup;
			children = (
				B693E303243113B4002B26BC /* Reading.png */,
				B693E301243112FF002B26BC /* Fireworks.png */,
				B61ADC1A2430B53B00ECD1D2 /* Celebration.png */,
				B693E2F92430F11D002B26BC /* Sitting.png */,
				B693E2FB2430F832002B26BC /* profile.png */,
			);
			path = Illustrations;
			sourceTree = "<group>";
		};
		B61ADC172430B3C800ECD1D2 /* Colors */ = {
			isa = PBXGroup;
			children = (
				B61ADC182430B3DD00ECD1D2 /* Colors.xcassets */,
			);
			path = Colors;
			sourceTree = "<group>";
		};
		B61ADC1C2430B66000ECD1D2 /* Extensions */ = {
			isa = PBXGroup;
			children = (
				B61ADC1D2430B67600ECD1D2 /* CCButton.swift */,
			);
			path = Extensions;
			sourceTree = "<group>";
		};
		B61ADC1F2430BB4A00ECD1D2 /* Icons */ = {
			isa = PBXGroup;
			children = (
				B61ADC202430BB5D00ECD1D2 /* Icons.xcassets */,
			);
			path = Icons;
			sourceTree = "<group>";
		};
		B6D7F54524277A1A001BEBBC = {
			isa = PBXGroup;
			children = (
				B6D7F55024277A1A001BEBBC /* CrowdCast */,
				B6D7F56724277A1B001BEBBC /* CrowdCastTests */,
				B6D7F57224277A1B001BEBBC /* CrowdCastUITests */,
				B6D7F54F24277A1A001BEBBC /* Products */,
				41AE69897168175D4C6592E0 /* Pods */,
				26EB2F6320B3F6FE10010C25 /* Frameworks */,
			);
			sourceTree = "<group>";
		};
		B6D7F54F24277A1A001BEBBC /* Products */ = {
			isa = PBXGroup;
			children = (
				B6D7F54E24277A1A001BEBBC /* CrowdCast.app */,
				B6D7F56424277A1B001BEBBC /* CrowdCastTests.xctest */,
				B6D7F56F24277A1B001BEBBC /* CrowdCastUITests.xctest */,
			);
			name = Products;
			sourceTree = "<group>";
		};
		B6D7F55024277A1A001BEBBC /* CrowdCast */ = {
			isa = PBXGroup;
			children = (
				B61ADC1F2430BB4A00ECD1D2 /* Icons */,
				B61ADC1C2430B66000ECD1D2 /* Extensions */,
				B61ADC172430B3C800ECD1D2 /* Colors */,
				B61ADC142430B2D200ECD1D2 /* Illustrations */,
				B61ADC0E2430AF3800ECD1D2 /* Fonts */,
				B675413F242791340010B917 /* GoogleService-Info.plist */,
				B6D7F55724277A1A001BEBBC /* Main.storyboard */,
				B6D7F55C24277A1B001BEBBC /* LaunchScreen.storyboard */,
				B6D7F58624277A74001BEBBC /* Source */,
				B6D7F58524277A6D001BEBBC /* Delegates */,
				B6D7F58424277A5C001BEBBC /* Storyboards */,
				B6D7F58324277A52001BEBBC /* Assets */,
				B6D7F58124277A40001BEBBC /* Managers */,
				B6D7F55F24277A1B001BEBBC /* Info.plist */,
			);
			path = CrowdCast;
			sourceTree = "<group>";
		};
		B6D7F56724277A1B001BEBBC /* CrowdCastTests */ = {
			isa = PBXGroup;
			children = (
				B6D7F56824277A1B001BEBBC /* CrowdCastTests.swift */,
				B6D7F56A24277A1B001BEBBC /* Info.plist */,
			);
			path = CrowdCastTests;
			sourceTree = "<group>";
		};
		B6D7F57224277A1B001BEBBC /* CrowdCastUITests */ = {
			isa = PBXGroup;
			children = (
				B6D7F57324277A1B001BEBBC /* CrowdCastUITests.swift */,
				B6D7F57524277A1B001BEBBC /* Info.plist */,
			);
			path = CrowdCastUITests;
			sourceTree = "<group>";
		};
		B6D7F58124277A40001BEBBC /* Managers */ = {
			isa = PBXGroup;
			children = (
			);
			path = Managers;
			sourceTree = "<group>";
		};
		B6D7F58324277A52001BEBBC /* Assets */ = {
			isa = PBXGroup;
			children = (
				B6D7F55A24277A1B001BEBBC /* Assets.xcassets */,
			);
			path = Assets;
			sourceTree = "<group>";
		};
		B6D7F58424277A5C001BEBBC /* Storyboards */ = {
			isa = PBXGroup;
			children = (
			);
			path = Storyboards;
			sourceTree = "<group>";
		};
		B6D7F58524277A6D001BEBBC /* Delegates */ = {
			isa = PBXGroup;
			children = (
				B6D7F55124277A1A001BEBBC /* AppDelegate.swift */,
				B6D7F55324277A1A001BEBBC /* SceneDelegate.swift */,
			);
			path = Delegates;
			sourceTree = "<group>";
		};
		B6D7F58624277A74001BEBBC /* Source */ = {
			isa = PBXGroup;
			children = (
				B6D7F58924277AB2001BEBBC /* Splash */,
				B6D7F58824277AA7001BEBBC /* SignUp */,
				B6D7F58724277AA0001BEBBC /* Login */,
			);
			path = Source;
			sourceTree = "<group>";
		};
		B6D7F58724277AA0001BEBBC /* Login */ = {
			isa = PBXGroup;
			children = (
				B6D7F58A24277AD7001BEBBC /* CCLoginVC.swift */,
				B693E2FD24310D4F002B26BC /* CCLoginVM.swift */,
			);
			path = Login;
			sourceTree = "<group>";
		};
		B6D7F58824277AA7001BEBBC /* SignUp */ = {
			isa = PBXGroup;
			children = (
				B66164442427E0BB002C068A /* CCSignUpVC.swift */,
				B693E2FF24310D5D002B26BC /* CCSignUpVM.swift */,
			);
			path = SignUp;
			sourceTree = "<group>";
		};
		B6D7F58924277AB2001BEBBC /* Splash */ = {
			isa = PBXGroup;
			children = (
			);
			path = Splash;
			sourceTree = "<group>";
		};
/* End PBXGroup section */

/* Begin PBXNativeTarget section */
		B6D7F54D24277A1A001BEBBC /* CrowdCast */ = {
			isa = PBXNativeTarget;
			buildConfigurationList = B6D7F57824277A1B001BEBBC /* Build configuration list for PBXNativeTarget "CrowdCast" */;
			buildPhases = (
				2069A5CC801EEB250C8FFA9A /* [CP] Check Pods Manifest.lock */,
				B6D7F54A24277A1A001BEBBC /* Sources */,
				B6D7F54B24277A1A001BEBBC /* Frameworks */,
				B6D7F54C24277A1A001BEBBC /* Resources */,
				DDC09D4C0B62FC6A17B6FFDE /* [CP] Embed Pods Frameworks */,
			);
			buildRules = (
			);
			dependencies = (
			);
			name = CrowdCast;
			productName = CrowdCast;
			productReference = B6D7F54E24277A1A001BEBBC /* CrowdCast.app */;
			productType = "com.apple.product-type.application";
		};
		B6D7F56324277A1B001BEBBC /* CrowdCastTests */ = {
			isa = PBXNativeTarget;
			buildConfigurationList = B6D7F57B24277A1B001BEBBC /* Build configuration list for PBXNativeTarget "CrowdCastTests" */;
			buildPhases = (
				041C5AB1BF74AF8EF1112AD3 /* [CP] Check Pods Manifest.lock */,
				B6D7F56024277A1B001BEBBC /* Sources */,
				B6D7F56124277A1B001BEBBC /* Frameworks */,
				B6D7F56224277A1B001BEBBC /* Resources */,
			);
			buildRules = (
			);
			dependencies = (
				B6D7F56624277A1B001BEBBC /* PBXTargetDependency */,
			);
			name = CrowdCastTests;
			productName = CrowdCastTests;
			productReference = B6D7F56424277A1B001BEBBC /* CrowdCastTests.xctest */;
			productType = "com.apple.product-type.bundle.unit-test";
		};
		B6D7F56E24277A1B001BEBBC /* CrowdCastUITests */ = {
			isa = PBXNativeTarget;
			buildConfigurationList = B6D7F57E24277A1B001BEBBC /* Build configuration list for PBXNativeTarget "CrowdCastUITests" */;
			buildPhases = (
				5897F85725347BC9C4E4C6CC /* [CP] Check Pods Manifest.lock */,
				B6D7F56B24277A1B001BEBBC /* Sources */,
				B6D7F56C24277A1B001BEBBC /* Frameworks */,
				B6D7F56D24277A1B001BEBBC /* Resources */,
				1AEE635B689CF1399DEEE07F /* [CP] Embed Pods Frameworks */,
			);
			buildRules = (
			);
			dependencies = (
				B6D7F57124277A1B001BEBBC /* PBXTargetDependency */,
			);
			name = CrowdCastUITests;
			productName = CrowdCastUITests;
			productReference = B6D7F56F24277A1B001BEBBC /* CrowdCastUITests.xctest */;
			productType = "com.apple.product-type.bundle.ui-testing";
		};
/* End PBXNativeTarget section */

/* Begin PBXProject section */
		B6D7F54624277A1A001BEBBC /* Project object */ = {
			isa = PBXProject;
			attributes = {
				LastSwiftUpdateCheck = 1130;
				LastUpgradeCheck = 1130;
				ORGANIZATIONNAME = "Usman Nazir";
				TargetAttributes = {
					B6D7F54D24277A1A001BEBBC = {
						CreatedOnToolsVersion = 11.3.1;
					};
					B6D7F56324277A1B001BEBBC = {
						CreatedOnToolsVersion = 11.3.1;
						TestTargetID = B6D7F54D24277A1A001BEBBC;
					};
					B6D7F56E24277A1B001BEBBC = {
						CreatedOnToolsVersion = 11.3.1;
						TestTargetID = B6D7F54D24277A1A001BEBBC;
					};
				};
			};
			buildConfigurationList = B6D7F54924277A1A001BEBBC /* Build configuration list for PBXProject "CrowdCast" */;
			compatibilityVersion = "Xcode 9.3";
			developmentRegion = en;
			hasScannedForEncodings = 0;
			knownRegions = (
				en,
				Base,
			);
			mainGroup = B6D7F54524277A1A001BEBBC;
			productRefGroup = B6D7F54F24277A1A001BEBBC /* Products */;
			projectDirPath = "";
			projectRoot = "";
			targets = (
				B6D7F54D24277A1A001BEBBC /* CrowdCast */,
				B6D7F56324277A1B001BEBBC /* CrowdCastTests */,
				B6D7F56E24277A1B001BEBBC /* CrowdCastUITests */,
			);
		};
/* End PBXProject section */

/* Begin PBXResourcesBuildPhase section */
		B6D7F54C24277A1A001BEBBC /* Resources */ = {
			isa = PBXResourcesBuildPhase;
			buildActionMask = 2147483647;
			files = (
				B693E302243112FF002B26BC /* Fireworks.png in Resources */,
				B693E304243113B4002B26BC /* Reading.png in Resources */,
				B6D7F55E24277A1B001BEBBC /* LaunchScreen.storyboard in Resources */,
				B61ADC212430BB5D00ECD1D2 /* Icons.xcassets in Resources */,
				B6754140242791340010B917 /* GoogleService-Info.plist in Resources */,
				B6D7F55B24277A1B001BEBBC /* Assets.xcassets in Resources */,
				B61ADC132430B03100ECD1D2 /* Cinzel-Bold.otf in Resources */,
				B61ADC192430B3DD00ECD1D2 /* Colors.xcassets in Resources */,
				B61ADC1B2430B53C00ECD1D2 /* Celebration.png in Resources */,
				B61ADC122430B03100ECD1D2 /* Cinzel-Regular.otf in Resources */,
				B693E2FC2430F832002B26BC /* profile.png in Resources */,
				B693E2FA2430F11D002B26BC /* Sitting.png in Resources */,
				B6D7F55924277A1A001BEBBC /* Main.storyboard in Resources */,
			);
			runOnlyForDeploymentPostprocessing = 0;
		};
		B6D7F56224277A1B001BEBBC /* Resources */ = {
			isa = PBXResourcesBuildPhase;
			buildActionMask = 2147483647;
			files = (
			);
			runOnlyForDeploymentPostprocessing = 0;
		};
		B6D7F56D24277A1B001BEBBC /* Resources */ = {
			isa = PBXResourcesBuildPhase;
			buildActionMask = 2147483647;
			files = (
			);
			runOnlyForDeploymentPostprocessing = 0;
		};
/* End PBXResourcesBuildPhase section */

/* Begin PBXShellScriptBuildPhase section */
		041C5AB1BF74AF8EF1112AD3 /* [CP] Check Pods Manifest.lock */ = {
			isa = PBXShellScriptBuildPhase;
			buildActionMask = 2147483647;
			files = (
			);
			inputFileListPaths = (
			);
			inputPaths = (
				"${PODS_PODFILE_DIR_PATH}/Podfile.lock",
				"${PODS_ROOT}/Manifest.lock",
			);
			name = "[CP] Check Pods Manifest.lock";
			outputFileListPaths = (
			);
			outputPaths = (
				"$(DERIVED_FILE_DIR)/Pods-CrowdCastTests-checkManifestLockResult.txt",
			);
			runOnlyForDeploymentPostprocessing = 0;
			shellPath = /bin/sh;
			shellScript = "diff \"${PODS_PODFILE_DIR_PATH}/Podfile.lock\" \"${PODS_ROOT}/Manifest.lock\" > /dev/null\nif [ $? != 0 ] ; then\n    # print error to STDERR\n    echo \"error: The sandbox is not in sync with the Podfile.lock. Run 'pod install' or update your CocoaPods installation.\" >&2\n    exit 1\nfi\n# This output is used by Xcode 'outputs' to avoid re-running this script phase.\necho \"SUCCESS\" > \"${SCRIPT_OUTPUT_FILE_0}\"\n";
			showEnvVarsInLog = 0;
		};
		1AEE635B689CF1399DEEE07F /* [CP] Embed Pods Frameworks */ = {
			isa = PBXShellScriptBuildPhase;
			buildActionMask = 2147483647;
			files = (
			);
			inputFileListPaths = (
				"${PODS_ROOT}/Target Support Files/Pods-CrowdCast-CrowdCastUITests/Pods-CrowdCast-CrowdCastUITests-frameworks-${CONFIGURATION}-input-files.xcfilelist",
			);
			name = "[CP] Embed Pods Frameworks";
			outputFileListPaths = (
				"${PODS_ROOT}/Target Support Files/Pods-CrowdCast-CrowdCastUITests/Pods-CrowdCast-CrowdCastUITests-frameworks-${CONFIGURATION}-output-files.xcfilelist",
			);
			runOnlyForDeploymentPostprocessing = 0;
			shellPath = /bin/sh;
			shellScript = "\"${PODS_ROOT}/Target Support Files/Pods-CrowdCast-CrowdCastUITests/Pods-CrowdCast-CrowdCastUITests-frameworks.sh\"\n";
			showEnvVarsInLog = 0;
		};
		2069A5CC801EEB250C8FFA9A /* [CP] Check Pods Manifest.lock */ = {
			isa = PBXShellScriptBuildPhase;
			buildActionMask = 2147483647;
			files = (
			);
			inputFileListPaths = (
			);
			inputPaths = (
				"${PODS_PODFILE_DIR_PATH}/Podfile.lock",
				"${PODS_ROOT}/Manifest.lock",
			);
			name = "[CP] Check Pods Manifest.lock";
			outputFileListPaths = (
			);
			outputPaths = (
				"$(DERIVED_FILE_DIR)/Pods-CrowdCast-checkManifestLockResult.txt",
			);
			runOnlyForDeploymentPostprocessing = 0;
			shellPath = /bin/sh;
			shellScript = "diff \"${PODS_PODFILE_DIR_PATH}/Podfile.lock\" \"${PODS_ROOT}/Manifest.lock\" > /dev/null\nif [ $? != 0 ] ; then\n    # print error to STDERR\n    echo \"error: The sandbox is not in sync with the Podfile.lock. Run 'pod install' or update your CocoaPods installation.\" >&2\n    exit 1\nfi\n# This output is used by Xcode 'outputs' to avoid re-running this script phase.\necho \"SUCCESS\" > \"${SCRIPT_OUTPUT_FILE_0}\"\n";
			showEnvVarsInLog = 0;
		};
		5897F85725347BC9C4E4C6CC /* [CP] Check Pods Manifest.lock */ = {
			isa = PBXShellScriptBuildPhase;
			buildActionMask = 2147483647;
			files = (
			);
			inputFileListPaths = (
			);
			inputPaths = (
				"${PODS_PODFILE_DIR_PATH}/Podfile.lock",
				"${PODS_ROOT}/Manifest.lock",
			);
			name = "[CP] Check Pods Manifest.lock";
			outputFileListPaths = (
			);
			outputPaths = (
				"$(DERIVED_FILE_DIR)/Pods-CrowdCast-CrowdCastUITests-checkManifestLockResult.txt",
			);
			runOnlyForDeploymentPostprocessing = 0;
			shellPath = /bin/sh;
			shellScript = "diff \"${PODS_PODFILE_DIR_PATH}/Podfile.lock\" \"${PODS_ROOT}/Manifest.lock\" > /dev/null\nif [ $? != 0 ] ; then\n    # print error to STDERR\n    echo \"error: The sandbox is not in sync with the Podfile.lock. Run 'pod install' or update your CocoaPods installation.\" >&2\n    exit 1\nfi\n# This output is used by Xcode 'outputs' to avoid re-running this script phase.\necho \"SUCCESS\" > \"${SCRIPT_OUTPUT_FILE_0}\"\n";
			showEnvVarsInLog = 0;
		};
		DDC09D4C0B62FC6A17B6FFDE /* [CP] Embed Pods Frameworks */ = {
			isa = PBXShellScriptBuildPhase;
			buildActionMask = 2147483647;
			files = (
			);
			inputFileListPaths = (
				"${PODS_ROOT}/Target Support Files/Pods-CrowdCast/Pods-CrowdCast-frameworks-${CONFIGURATION}-input-files.xcfilelist",
			);
			name = "[CP] Embed Pods Frameworks";
			outputFileListPaths = (
				"${PODS_ROOT}/Target Support Files/Pods-CrowdCast/Pods-CrowdCast-frameworks-${CONFIGURATION}-output-files.xcfilelist",
			);
			runOnlyForDeploymentPostprocessing = 0;
			shellPath = /bin/sh;
			shellScript = "\"${PODS_ROOT}/Target Support Files/Pods-CrowdCast/Pods-CrowdCast-frameworks.sh\"\n";
			showEnvVarsInLog = 0;
		};
/* End PBXShellScriptBuildPhase section */

/* Begin PBXSourcesBuildPhase section */
		B6D7F54A24277A1A001BEBBC /* Sources */ = {
			isa = PBXSourcesBuildPhase;
			buildActionMask = 2147483647;
			files = (
				B693E2FE24310D4F002B26BC /* CCLoginVM.swift in Sources */,
				B693E30024310D5D002B26BC /* CCSignUpVM.swift in Sources */,
				B66164452427E0BB002C068A /* CCSignUpVC.swift in Sources */,
				B6D7F55224277A1A001BEBBC /* AppDelegate.swift in Sources */,
				B6D7F58B24277AD7001BEBBC /* CCLoginVC.swift in Sources */,
				B61ADC1E2430B67600ECD1D2 /* CCButton.swift in Sources */,
				B6D7F55424277A1A001BEBBC /* SceneDelegate.swift in Sources */,
			);
			runOnlyForDeploymentPostprocessing = 0;
		};
		B6D7F56024277A1B001BEBBC /* Sources */ = {
			isa = PBXSourcesBuildPhase;
			buildActionMask = 2147483647;
			files = (
				B6D7F56924277A1B001BEBBC /* CrowdCastTests.swift in Sources */,
			);
			runOnlyForDeploymentPostprocessing = 0;
		};
		B6D7F56B24277A1B001BEBBC /* Sources */ = {
			isa = PBXSourcesBuildPhase;
			buildActionMask = 2147483647;
			files = (
				B6D7F57424277A1B001BEBBC /* CrowdCastUITests.swift in Sources */,
			);
			runOnlyForDeploymentPostprocessing = 0;
		};
/* End PBXSourcesBuildPhase section */

/* Begin PBXTargetDependency section */
		B6D7F56624277A1B001BEBBC /* PBXTargetDependency */ = {
			isa = PBXTargetDependency;
			target = B6D7F54D24277A1A001BEBBC /* CrowdCast */;
			targetProxy = B6D7F56524277A1B001BEBBC /* PBXContainerItemProxy */;
		};
		B6D7F57124277A1B001BEBBC /* PBXTargetDependency */ = {
			isa = PBXTargetDependency;
			target = B6D7F54D24277A1A001BEBBC /* CrowdCast */;
			targetProxy = B6D7F57024277A1B001BEBBC /* PBXContainerItemProxy */;
		};
/* End PBXTargetDependency section */

/* Begin PBXVariantGroup section */
		B6D7F55724277A1A001BEBBC /* Main.storyboard */ = {
			isa = PBXVariantGroup;
			children = (
				B6D7F55824277A1A001BEBBC /* Base */,
			);
			name = Main.storyboard;
			sourceTree = "<group>";
		};
		B6D7F55C24277A1B001BEBBC /* LaunchScreen.storyboard */ = {
			isa = PBXVariantGroup;
			children = (
				B6D7F55D24277A1B001BEBBC /* Base */,
			);
			name = LaunchScreen.storyboard;
			sourceTree = "<group>";
		};
/* End PBXVariantGroup section */

/* Begin XCBuildConfiguration section */
		B6D7F57624277A1B001BEBBC /* Debug */ = {
			isa = XCBuildConfiguration;
			buildSettings = {
				ALWAYS_SEARCH_USER_PATHS = NO;
				CLANG_ANALYZER_NONNULL = YES;
				CLANG_ANALYZER_NUMBER_OBJECT_CONVERSION = YES_AGGRESSIVE;
				CLANG_CXX_LANGUAGE_STANDARD = "gnu++14";
				CLANG_CXX_LIBRARY = "libc++";
				CLANG_ENABLE_MODULES = YES;
				CLANG_ENABLE_OBJC_ARC = YES;
				CLANG_ENABLE_OBJC_WEAK = YES;
				CLANG_WARN_BLOCK_CAPTURE_AUTORELEASING = YES;
				CLANG_WARN_BOOL_CONVERSION = YES;
				CLANG_WARN_COMMA = YES;
				CLANG_WARN_CONSTANT_CONVERSION = YES;
				CLANG_WARN_DEPRECATED_OBJC_IMPLEMENTATIONS = YES;
				CLANG_WARN_DIRECT_OBJC_ISA_USAGE = YES_ERROR;
				CLANG_WARN_DOCUMENTATION_COMMENTS = YES;
				CLANG_WARN_EMPTY_BODY = YES;
				CLANG_WARN_ENUM_CONVERSION = YES;
				CLANG_WARN_INFINITE_RECURSION = YES;
				CLANG_WARN_INT_CONVERSION = YES;
				CLANG_WARN_NON_LITERAL_NULL_CONVERSION = YES;
				CLANG_WARN_OBJC_IMPLICIT_RETAIN_SELF = YES;
				CLANG_WARN_OBJC_LITERAL_CONVERSION = YES;
				CLANG_WARN_OBJC_ROOT_CLASS = YES_ERROR;
				CLANG_WARN_RANGE_LOOP_ANALYSIS = YES;
				CLANG_WARN_STRICT_PROTOTYPES = YES;
				CLANG_WARN_SUSPICIOUS_MOVE = YES;
				CLANG_WARN_UNGUARDED_AVAILABILITY = YES_AGGRESSIVE;
				CLANG_WARN_UNREACHABLE_CODE = YES;
				CLANG_WARN__DUPLICATE_METHOD_MATCH = YES;
				COPY_PHASE_STRIP = NO;
				DEBUG_INFORMATION_FORMAT = dwarf;
				ENABLE_STRICT_OBJC_MSGSEND = YES;
				ENABLE_TESTABILITY = YES;
				GCC_C_LANGUAGE_STANDARD = gnu11;
				GCC_DYNAMIC_NO_PIC = NO;
				GCC_NO_COMMON_BLOCKS = YES;
				GCC_OPTIMIZATION_LEVEL = 0;
				GCC_PREPROCESSOR_DEFINITIONS = (
					"DEBUG=1",
					"$(inherited)",
				);
				GCC_WARN_64_TO_32_BIT_CONVERSION = YES;
				GCC_WARN_ABOUT_RETURN_TYPE = YES_ERROR;
				GCC_WARN_UNDECLARED_SELECTOR = YES;
				GCC_WARN_UNINITIALIZED_AUTOS = YES_AGGRESSIVE;
				GCC_WARN_UNUSED_FUNCTION = YES;
				GCC_WARN_UNUSED_VARIABLE = YES;
				IPHONEOS_DEPLOYMENT_TARGET = 13.2;
				MTL_ENABLE_DEBUG_INFO = INCLUDE_SOURCE;
				MTL_FAST_MATH = YES;
				ONLY_ACTIVE_ARCH = YES;
				SDKROOT = iphoneos;
				SWIFT_ACTIVE_COMPILATION_CONDITIONS = DEBUG;
				SWIFT_OPTIMIZATION_LEVEL = "-Onone";
			};
			name = Debug;
		};
		B6D7F57724277A1B001BEBBC /* Release */ = {
			isa = XCBuildConfiguration;
			buildSettings = {
				ALWAYS_SEARCH_USER_PATHS = NO;
				CLANG_ANALYZER_NONNULL = YES;
				CLANG_ANALYZER_NUMBER_OBJECT_CONVERSION = YES_AGGRESSIVE;
				CLANG_CXX_LANGUAGE_STANDARD = "gnu++14";
				CLANG_CXX_LIBRARY = "libc++";
				CLANG_ENABLE_MODULES = YES;
				CLANG_ENABLE_OBJC_ARC = YES;
				CLANG_ENABLE_OBJC_WEAK = YES;
				CLANG_WARN_BLOCK_CAPTURE_AUTORELEASING = YES;
				CLANG_WARN_BOOL_CONVERSION = YES;
				CLANG_WARN_COMMA = YES;
				CLANG_WARN_CONSTANT_CONVERSION = YES;
				CLANG_WARN_DEPRECATED_OBJC_IMPLEMENTATIONS = YES;
				CLANG_WARN_DIRECT_OBJC_ISA_USAGE = YES_ERROR;
				CLANG_WARN_DOCUMENTATION_COMMENTS = YES;
				CLANG_WARN_EMPTY_BODY = YES;
				CLANG_WARN_ENUM_CONVERSION = YES;
				CLANG_WARN_INFINITE_RECURSION = YES;
				CLANG_WARN_INT_CONVERSION = YES;
				CLANG_WARN_NON_LITERAL_NULL_CONVERSION = YES;
				CLANG_WARN_OBJC_IMPLICIT_RETAIN_SELF = YES;
				CLANG_WARN_OBJC_LITERAL_CONVERSION = YES;
				CLANG_WARN_OBJC_ROOT_CLASS = YES_ERROR;
				CLANG_WARN_RANGE_LOOP_ANALYSIS = YES;
				CLANG_WARN_STRICT_PROTOTYPES = YES;
				CLANG_WARN_SUSPICIOUS_MOVE = YES;
				CLANG_WARN_UNGUARDED_AVAILABILITY = YES_AGGRESSIVE;
				CLANG_WARN_UNREACHABLE_CODE = YES;
				CLANG_WARN__DUPLICATE_METHOD_MATCH = YES;
				COPY_PHASE_STRIP = NO;
				DEBUG_INFORMATION_FORMAT = "dwarf-with-dsym";
				ENABLE_NS_ASSERTIONS = NO;
				ENABLE_STRICT_OBJC_MSGSEND = YES;
				GCC_C_LANGUAGE_STANDARD = gnu11;
				GCC_NO_COMMON_BLOCKS = YES;
				GCC_WARN_64_TO_32_BIT_CONVERSION = YES;
				GCC_WARN_ABOUT_RETURN_TYPE = YES_ERROR;
				GCC_WARN_UNDECLARED_SELECTOR = YES;
				GCC_WARN_UNINITIALIZED_AUTOS = YES_AGGRESSIVE;
				GCC_WARN_UNUSED_FUNCTION = YES;
				GCC_WARN_UNUSED_VARIABLE = YES;
				IPHONEOS_DEPLOYMENT_TARGET = 13.2;
				MTL_ENABLE_DEBUG_INFO = NO;
				MTL_FAST_MATH = YES;
				SDKROOT = iphoneos;
				SWIFT_COMPILATION_MODE = wholemodule;
				SWIFT_OPTIMIZATION_LEVEL = "-O";
				VALIDATE_PRODUCT = YES;
			};
			name = Release;
		};
		B6D7F57924277A1B001BEBBC /* Debug */ = {
			isa = XCBuildConfiguration;
			baseConfigurationReference = 9ED097A4257B79B19ABF3F69 /* Pods-CrowdCast.debug.xcconfig */;
			buildSettings = {
				ASSETCATALOG_COMPILER_APPICON_NAME = AppIcon;
				CODE_SIGN_STYLE = Automatic;
				DEVELOPMENT_TEAM = 524G574595;
				INFOPLIST_FILE = CrowdCast/Info.plist;
				LD_RUNPATH_SEARCH_PATHS = (
					"$(inherited)",
					"@executable_path/Frameworks",
				);
				PRODUCT_BUNDLE_IDENTIFIER = com.crowdcast.crowd;
				PRODUCT_NAME = "$(TARGET_NAME)";
				SWIFT_VERSION = 5.0;
				TARGETED_DEVICE_FAMILY = "1,2";
			};
			name = Debug;
		};
		B6D7F57A24277A1B001BEBBC /* Release */ = {
			isa = XCBuildConfiguration;
			baseConfigurationReference = 8F817045FDFF90F3895A6FB8 /* Pods-CrowdCast.release.xcconfig */;
			buildSettings = {
				ASSETCATALOG_COMPILER_APPICON_NAME = AppIcon;
				CODE_SIGN_STYLE = Automatic;
				DEVELOPMENT_TEAM = 524G574595;
				INFOPLIST_FILE = CrowdCast/Info.plist;
				LD_RUNPATH_SEARCH_PATHS = (
					"$(inherited)",
					"@executable_path/Frameworks",
				);
				PRODUCT_BUNDLE_IDENTIFIER = com.crowdcast.crowd;
				PRODUCT_NAME = "$(TARGET_NAME)";
				SWIFT_VERSION = 5.0;
				TARGETED_DEVICE_FAMILY = "1,2";
			};
			name = Release;
		};
		B6D7F57C24277A1B001BEBBC /* Debug */ = {
			isa = XCBuildConfiguration;
			baseConfigurationReference = 99B716AB8F4B132E23E78760 /* Pods-CrowdCastTests.debug.xcconfig */;
			buildSettings = {
				ALWAYS_EMBED_SWIFT_STANDARD_LIBRARIES = YES;
				BUNDLE_LOADER = "$(TEST_HOST)";
				CODE_SIGN_STYLE = Automatic;
				DEVELOPMENT_TEAM = 524G574595;
				INFOPLIST_FILE = CrowdCastTests/Info.plist;
				IPHONEOS_DEPLOYMENT_TARGET = 13.2;
				LD_RUNPATH_SEARCH_PATHS = (
					"$(inherited)",
					"@executable_path/Frameworks",
					"@loader_path/Frameworks",
				);
				PRODUCT_BUNDLE_IDENTIFIER = com.crowdcast.CrowdCastTests;
				PRODUCT_NAME = "$(TARGET_NAME)";
				SWIFT_VERSION = 5.0;
				TARGETED_DEVICE_FAMILY = "1,2";
				TEST_HOST = "$(BUILT_PRODUCTS_DIR)/CrowdCast.app/CrowdCast";
			};
			name = Debug;
		};
		B6D7F57D24277A1B001BEBBC /* Release */ = {
			isa = XCBuildConfiguration;
			baseConfigurationReference = 9126246316D1D9808F81142C /* Pods-CrowdCastTests.release.xcconfig */;
			buildSettings = {
				ALWAYS_EMBED_SWIFT_STANDARD_LIBRARIES = YES;
				BUNDLE_LOADER = "$(TEST_HOST)";
				CODE_SIGN_STYLE = Automatic;
				DEVELOPMENT_TEAM = 524G574595;
				INFOPLIST_FILE = CrowdCastTests/Info.plist;
				IPHONEOS_DEPLOYMENT_TARGET = 13.2;
				LD_RUNPATH_SEARCH_PATHS = (
					"$(inherited)",
					"@executable_path/Frameworks",
					"@loader_path/Frameworks",
				);
				PRODUCT_BUNDLE_IDENTIFIER = com.crowdcast.CrowdCastTests;
				PRODUCT_NAME = "$(TARGET_NAME)";
				SWIFT_VERSION = 5.0;
				TARGETED_DEVICE_FAMILY = "1,2";
				TEST_HOST = "$(BUILT_PRODUCTS_DIR)/CrowdCast.app/CrowdCast";
			};
			name = Release;
		};
		B6D7F57F24277A1B001BEBBC /* Debug */ = {
			isa = XCBuildConfiguration;
			baseConfigurationReference = 9358F1E9AA70777512033489 /* Pods-CrowdCast-CrowdCastUITests.debug.xcconfig */;
			buildSettings = {
				ALWAYS_EMBED_SWIFT_STANDARD_LIBRARIES = YES;
				CODE_SIGN_STYLE = Automatic;
				DEVELOPMENT_TEAM = 524G574595;
				INFOPLIST_FILE = CrowdCastUITests/Info.plist;
				LD_RUNPATH_SEARCH_PATHS = (
					"$(inherited)",
					"@executable_path/Frameworks",
					"@loader_path/Frameworks",
				);
				PRODUCT_BUNDLE_IDENTIFIER = com.crowdcast.CrowdCastUITests;
				PRODUCT_NAME = "$(TARGET_NAME)";
				SWIFT_VERSION = 5.0;
				TARGETED_DEVICE_FAMILY = "1,2";
				TEST_TARGET_NAME = CrowdCast;
			};
			name = Debug;
		};
		B6D7F58024277A1B001BEBBC /* Release */ = {
			isa = XCBuildConfiguration;
			baseConfigurationReference = 7F043EA963985C662E1BEE78 /* Pods-CrowdCast-CrowdCastUITests.release.xcconfig */;
			buildSettings = {
				ALWAYS_EMBED_SWIFT_STANDARD_LIBRARIES = YES;
				CODE_SIGN_STYLE = Automatic;
				DEVELOPMENT_TEAM = 524G574595;
				INFOPLIST_FILE = CrowdCastUITests/Info.plist;
				LD_RUNPATH_SEARCH_PATHS = (
					"$(inherited)",
					"@executable_path/Frameworks",
					"@loader_path/Frameworks",
				);
				PRODUCT_BUNDLE_IDENTIFIER = com.crowdcast.CrowdCastUITests;
				PRODUCT_NAME = "$(TARGET_NAME)";
				SWIFT_VERSION = 5.0;
				TARGETED_DEVICE_FAMILY = "1,2";
				TEST_TARGET_NAME = CrowdCast;
			};
			name = Release;
		};
/* End XCBuildConfiguration section */

/* Begin XCConfigurationList section */
		B6D7F54924277A1A001BEBBC /* Build configuration list for PBXProject "CrowdCast" */ = {
			isa = XCConfigurationList;
			buildConfigurations = (
				B6D7F57624277A1B001BEBBC /* Debug */,
				B6D7F57724277A1B001BEBBC /* Release */,
			);
			defaultConfigurationIsVisible = 0;
			defaultConfigurationName = Release;
		};
		B6D7F57824277A1B001BEBBC /* Build configuration list for PBXNativeTarget "CrowdCast" */ = {
			isa = XCConfigurationList;
			buildConfigurations = (
				B6D7F57924277A1B001BEBBC /* Debug */,
				B6D7F57A24277A1B001BEBBC /* Release */,
			);
			defaultConfigurationIsVisible = 0;
			defaultConfigurationName = Release;
		};
		B6D7F57B24277A1B001BEBBC /* Build configuration list for PBXNativeTarget "CrowdCastTests" */ = {
			isa = XCConfigurationList;
			buildConfigurations = (
				B6D7F57C24277A1B001BEBBC /* Debug */,
				B6D7F57D24277A1B001BEBBC /* Release */,
			);
			defaultConfigurationIsVisible = 0;
			defaultConfigurationName = Release;
		};
		B6D7F57E24277A1B001BEBBC /* Build configuration list for PBXNativeTarget "CrowdCastUITests" */ = {
			isa = XCConfigurationList;
			buildConfigurations = (
				B6D7F57F24277A1B001BEBBC /* Debug */,
				B6D7F58024277A1B001BEBBC /* Release */,
			);
			defaultConfigurationIsVisible = 0;
			defaultConfigurationName = Release;
		};
/* End XCConfigurationList section */
	};
	rootObject = B6D7F54624277A1A001BEBBC /* Project object */;
}
